{
  "version": 4,
  "terraform_version": "1.9.8",
  "serial": 19,
  "lineage": "436d995f-9520-5b5e-e34e-3ea28ca73309",
  "outputs": {
    "autoscaling_group_name": {
      "value": "terraform-20241213010852290600000005",
      "type": "string"
    },
    "private_key": {
      "value": "-----BEGIN RSA PRIVATE KEY-----\nMIIEogIBAAKCAQEAzTw0bvPGE4R0f4CI1ohLa8uUuteUuq+AIYHt1BbMZ+aa9DXa\n5bZ6Xn7NqfqLOiovcSOiCMwQD+oBWHPJ5+2jpDAwvOA0AWwYIlq87Zg6NdNm2Etl\nnX0wP2wgWhMnjm+67E01xKkUwJJN2FyDrJy5tKkWjMtQOJcutJgCh/XmWRfUdzW1\nX+jVhc8dtwcMcwdH+xSamOuN1tnNNpa4I1hJwLRKgURuQoI3yB+m8zMEu7TzClOe\nN2bNF/bnp/JM3zU2kbdXnL193cDlgL46R0Z7P62qMdPTurrZzUp7zDRE4kljNY3p\nUhZ0pvQbQnL8F6Zi2XcCg/FBRkqpZjmIZkVvcQIDAQABAoIBABWy5NRKP8n2eh60\n50LPXDIEbzAl9NqcDY79XrjKxEfD8OQbAY7B8UQmYfYzwB6hMSzkGJCXiqc0FXpV\nm6ZC0MdeNPjzN2xjElYng8wXCSiBtmDt78tr3fsGopEDb242z+uF6kZlngUSMtrK\nRT2twFCig/jU0iF5kn2TiMj5LaaDlutgPj+5izogV2XNJ55wd8Drgfst8rXkWoyY\n4aOZLozHR+PXb6uhfEuBea+bj+cDuCiJaOQJl/HEV3I3UBKk1b+1UYFmRP5shdLq\nkai6Cqxbc/rdd2MwjlNk+seNumNyiQ4vSdAjbEHfC1YhILkS6V2BwPdALNcFjX2g\n0DyCHTUCgYEA83gU5SCIlGn/CWN42P0CXFXzuyI+BpgZHm1sQef7a0oph+k6vMxa\n+OYD6wciaDqmj+zDplEnwEaghyLo4+sDUMjc3D8NzSExA7A+759I2ZscPyhp53wu\ns+ia3CeXcsAwUT4sBtKBhvXXtTwQ7BHevE4xOHkXN+JRBlmKUgXAiNsCgYEA18xb\nrr0TE1gy5Bs6pnPWEMxt8j5pVGnBcTw8vdDahHayMaZJevaldNymFyOfbSefnb1V\nZJQY2TDLtc7KS5VSEC3APgJAufwEN2cJ0Ykm2TtqIcLBljWby02aE9sgWfDZ/AfY\n/9FfMbLo/615MkOkKoAS0rAIZpkzN5EDrSWmpKMCgYB6LqQFzIreOEdl9cZ61pXt\nsrDLE8ce1gudCnrOpFW3JROsgi4Y+1EYIY6LzxvERNK73azd9VJGmusKhklrv8/9\nJaA442fQrryDRlp/NGeB1OabB3QGWHqzjKLSowfM7YgR7Wp4zgF0skFbUVaIsfse\ncvsehR5SzD+vORZCTWKvCwKBgAb5XcUp6yHm6c4hayXR/IsScEMx7SmDOXM1ZSkl\nRMqfI2cjXqCQtAwwzVVWG2LlsuzgH5BekOcEArFfe34x1zMap2nZnMnl8STxOYoC\nCrVejDGHH8aA+QX6/g3COStu8zyH7GVoGNF8XLdWneIX+Yg+F12jvsHCFbun/hxs\naRRNAoGAHKk/k81r1OGA0t0sfXTDk6EnYuvTWaq5UCYBwnbU7ZO8hVP/UOJRcMnz\nMPl3MGTxYZrnYAKtVTY7Emr3nH1ljuei0SQy26y9sw0vcnS4Sm8w2G0sUTFhVqdA\nWoeZzCgLnmA7eiz7N1nbhTnHYak6BhKqTcEdBzN1uHikgquJU7w=\n-----END RSA PRIVATE KEY-----\n",
      "type": "string",
      "sensitive": true
    },
    "private_subnets": {
      "value": [
        "subnet-0d0ecea5dc463ecb7",
        "subnet-07ed6113a6f8f51e9"
      ],
      "type": [
        "tuple",
        [
          "string",
          "string"
        ]
      ]
    },
    "public_subnets": {
      "value": [
        "subnet-084ffff706b01cba4",
        "subnet-0a0ea02bb855ca9dc"
      ],
      "type": [
        "tuple",
        [
          "string",
          "string"
        ]
      ]
    },
    "rds_endpoint": {
      "value": "terraform-20241213010841963400000002.c96mawou4kzy.us-east-1.rds.amazonaws.com:3306",
      "type": "string"
    },
    "security_group_id": {
      "value": "sg-066a1a05cb78f268e",
      "type": "string"
    },
    "vpc_id": {
      "value": "vpc-0e68723a888e08b42",
      "type": "string"
    }
  },
  "resources": [
    {
      "mode": "managed",
      "type": "aws_key_pair",
      "name": "this",
      "provider": "provider[\"registry.terraform.io/hashicorp/aws\"]",
      "instances": [
        {
          "schema_version": 1,
          "attributes": {
            "arn": "arn:aws:ec2:us-east-1:637423167300:key-pair/opensid2-keypair",
            "fingerprint": "9b:e2:99:b5:01:e8:49:05:3e:61:5d:ed:f1:c9:a0:d3",
            "id": "opensid2-keypair",
            "key_name": "opensid2-keypair",
            "key_name_prefix": "",
            "key_pair_id": "key-042d6ba53179d6b45",
            "key_type": "rsa",
            "public_key": "ssh-rsa AAAAB3NzaC1yc2EAAAADAQABAAABAQDNPDRu88YThHR/gIjWiEtry5S615S6r4Ahge3UFsxn5pr0Ndrltnpefs2p+os6Ki9xI6IIzBAP6gFYc8nn7aOkMDC84DQBbBgiWrztmDo102bYS2WdfTA/bCBaEyeOb7rsTTXEqRTAkk3YXIOsnLm0qRaMy1A4ly60mAKH9eZZF9R3NbVf6NWFzx23BwxzB0f7FJqY643W2c02lrgjWEnAtEqBRG5CgjfIH6bzMwS7tPMKU543Zs0X9uen8kzfNTaRt1ecvX3dwOWAvjpHRns/raox09O6utnNSnvMNETiSWM1jelSFnSm9BtCcvwXpmLZdwKD8UFGSqlmOYhmRW9x",
            "tags": {},
            "tags_all": {}
          },
          "sensitive_attributes": [],
          "private": "eyJzY2hlbWFfdmVyc2lvbiI6IjEifQ==",
          "dependencies": [
            "tls_private_key.this"
          ]
        }
      ]
    },
    {
      "mode": "managed",
      "type": "aws_security_group",
      "name": "default",
      "provider": "provider[\"registry.terraform.io/hashicorp/aws\"]",
      "instances": [
        {
          "schema_version": 1,
          "attributes": {
            "arn": "arn:aws:ec2:us-east-1:637423167300:security-group/sg-066a1a05cb78f268e",
            "description": "Default security group",
            "egress": [
              {
                "cidr_blocks": [
                  "0.0.0.0/0"
                ],
                "description": "",
                "from_port": 0,
                "ipv6_cidr_blocks": [],
                "prefix_list_ids": [],
                "protocol": "tcp",
                "security_groups": [],
                "self": false,
                "to_port": 65535
              }
            ],
            "id": "sg-066a1a05cb78f268e",
            "ingress": [
              {
                "cidr_blocks": [
                  "0.0.0.0/0"
                ],
                "description": "",
                "from_port": 0,
                "ipv6_cidr_blocks": [],
                "prefix_list_ids": [],
                "protocol": "tcp",
                "security_groups": [],
                "self": false,
                "to_port": 65535
              }
            ],
            "name": "opensid2-sg20241213010830475300000001",
            "name_prefix": "opensid2-sg",
            "owner_id": "637423167300",
            "revoke_rules_on_delete": false,
            "tags": {},
            "tags_all": {},
            "timeouts": null,
            "vpc_id": "vpc-0e68723a888e08b42"
          },
          "sensitive_attributes": [],
          "private": "eyJlMmJmYjczMC1lY2FhLTExZTYtOGY4OC0zNDM2M2JjN2M0YzAiOnsiY3JlYXRlIjo2MDAwMDAwMDAwMDAsImRlbGV0ZSI6OTAwMDAwMDAwMDAwfSwic2NoZW1hX3ZlcnNpb24iOiIxIn0=",
          "dependencies": [
            "module.vpc.aws_vpc.this"
          ]
        }
      ]
    },
    {
      "mode": "managed",
      "type": "tls_private_key",
      "name": "this",
      "provider": "provider[\"registry.terraform.io/hashicorp/tls\"]",
      "instances": [
        {
          "schema_version": 1,
          "attributes": {
            "algorithm": "RSA",
            "ecdsa_curve": "P224",
            "id": "e29877b2b4b44df4c6291616fb94cb91f27c9a9d",
            "private_key_openssh": "-----BEGIN OPENSSH PRIVATE KEY-----\nb3BlbnNzaC1rZXktdjEAAAAABG5vbmUAAAAEbm9uZQAAAAAAAAABAAABFwAAAAdz\nc2gtcnNhAAAAAwEAAQAAAQEAzTw0bvPGE4R0f4CI1ohLa8uUuteUuq+AIYHt1BbM\nZ+aa9DXa5bZ6Xn7NqfqLOiovcSOiCMwQD+oBWHPJ5+2jpDAwvOA0AWwYIlq87Zg6\nNdNm2EtlnX0wP2wgWhMnjm+67E01xKkUwJJN2FyDrJy5tKkWjMtQOJcutJgCh/Xm\nWRfUdzW1X+jVhc8dtwcMcwdH+xSamOuN1tnNNpa4I1hJwLRKgURuQoI3yB+m8zME\nu7TzClOeN2bNF/bnp/JM3zU2kbdXnL193cDlgL46R0Z7P62qMdPTurrZzUp7zDRE\n4kljNY3pUhZ0pvQbQnL8F6Zi2XcCg/FBRkqpZjmIZkVvcQAAA7gI7+DHCO/gxwAA\nAAdzc2gtcnNhAAABAQDNPDRu88YThHR/gIjWiEtry5S615S6r4Ahge3UFsxn5pr0\nNdrltnpefs2p+os6Ki9xI6IIzBAP6gFYc8nn7aOkMDC84DQBbBgiWrztmDo102bY\nS2WdfTA/bCBaEyeOb7rsTTXEqRTAkk3YXIOsnLm0qRaMy1A4ly60mAKH9eZZF9R3\nNbVf6NWFzx23BwxzB0f7FJqY643W2c02lrgjWEnAtEqBRG5CgjfIH6bzMwS7tPMK\nU543Zs0X9uen8kzfNTaRt1ecvX3dwOWAvjpHRns/raox09O6utnNSnvMNETiSWM1\njelSFnSm9BtCcvwXpmLZdwKD8UFGSqlmOYhmRW9xAAAAAwEAAQAAAQAVsuTUSj/J\n9noetOdCz1wyBG8wJfTanA2O/V64ysRHw/DkGwGOwfFEJmH2M8AeoTEs5BiQl4qn\nNBV6VZumQtDHXjT48zdsYxJWJ4PMFwkogbZg7e/La937BqKRA29uNs/rhepGZZ4F\nEjLaykU9rcBQooP41NIheZJ9k4jI+S2mg5brYD4/uYs6IFdlzSeecHfA64H7LfK1\n5FqMmOGjmS6Mx0fj12+roXxLgXmvm4/nA7goiWjkCZfxxFdyN1ASpNW/tVGBZkT+\nbIXS6pGougqsW3P63XdjMI5TZPrHjbpjcokOL0nQI2xB3wtWISC5EuldgcD3QCzX\nBY19oNA8gh01AAAAgBypP5PNa9ThgNLdLH10w5OhJ2Lr01mquVAmAcJ21O2TvIVT\n/1DiUXDJ8zD5dzBk8WGa52ACrVU2OxJq95x9ZY7notEkMtusvbMNL3J0uEpvMNht\nLFExYVanQFqHmcwoC55gO3os+zdZ24U5x2GpOgYSqk3BHQczdbh4pIKriVO8AAAA\ngQDzeBTlIIiUaf8JY3jY/QJcVfO7Ij4GmBkebWxB5/trSimH6Tq8zFr45gPrByJo\nOqaP7MOmUSfARqCHIujj6wNQyNzcPw3NITEDsD7vn0jZmxw/KGnnfC6z6JrcJ5dy\nwDBRPiwG0oGG9de1PBDsEd68TjE4eRc34lEGWYpSBcCI2wAAAIEA18xbrr0TE1gy\n5Bs6pnPWEMxt8j5pVGnBcTw8vdDahHayMaZJevaldNymFyOfbSefnb1VZJQY2TDL\ntc7KS5VSEC3APgJAufwEN2cJ0Ykm2TtqIcLBljWby02aE9sgWfDZ/AfY/9FfMbLo\n/615MkOkKoAS0rAIZpkzN5EDrSWmpKMAAAAAAQID\n-----END OPENSSH PRIVATE KEY-----\n",
            "private_key_pem": "-----BEGIN RSA PRIVATE KEY-----\nMIIEogIBAAKCAQEAzTw0bvPGE4R0f4CI1ohLa8uUuteUuq+AIYHt1BbMZ+aa9DXa\n5bZ6Xn7NqfqLOiovcSOiCMwQD+oBWHPJ5+2jpDAwvOA0AWwYIlq87Zg6NdNm2Etl\nnX0wP2wgWhMnjm+67E01xKkUwJJN2FyDrJy5tKkWjMtQOJcutJgCh/XmWRfUdzW1\nX+jVhc8dtwcMcwdH+xSamOuN1tnNNpa4I1hJwLRKgURuQoI3yB+m8zMEu7TzClOe\nN2bNF/bnp/JM3zU2kbdXnL193cDlgL46R0Z7P62qMdPTurrZzUp7zDRE4kljNY3p\nUhZ0pvQbQnL8F6Zi2XcCg/FBRkqpZjmIZkVvcQIDAQABAoIBABWy5NRKP8n2eh60\n50LPXDIEbzAl9NqcDY79XrjKxEfD8OQbAY7B8UQmYfYzwB6hMSzkGJCXiqc0FXpV\nm6ZC0MdeNPjzN2xjElYng8wXCSiBtmDt78tr3fsGopEDb242z+uF6kZlngUSMtrK\nRT2twFCig/jU0iF5kn2TiMj5LaaDlutgPj+5izogV2XNJ55wd8Drgfst8rXkWoyY\n4aOZLozHR+PXb6uhfEuBea+bj+cDuCiJaOQJl/HEV3I3UBKk1b+1UYFmRP5shdLq\nkai6Cqxbc/rdd2MwjlNk+seNumNyiQ4vSdAjbEHfC1YhILkS6V2BwPdALNcFjX2g\n0DyCHTUCgYEA83gU5SCIlGn/CWN42P0CXFXzuyI+BpgZHm1sQef7a0oph+k6vMxa\n+OYD6wciaDqmj+zDplEnwEaghyLo4+sDUMjc3D8NzSExA7A+759I2ZscPyhp53wu\ns+ia3CeXcsAwUT4sBtKBhvXXtTwQ7BHevE4xOHkXN+JRBlmKUgXAiNsCgYEA18xb\nrr0TE1gy5Bs6pnPWEMxt8j5pVGnBcTw8vdDahHayMaZJevaldNymFyOfbSefnb1V\nZJQY2TDLtc7KS5VSEC3APgJAufwEN2cJ0Ykm2TtqIcLBljWby02aE9sgWfDZ/AfY\n/9FfMbLo/615MkOkKoAS0rAIZpkzN5EDrSWmpKMCgYB6LqQFzIreOEdl9cZ61pXt\nsrDLE8ce1gudCnrOpFW3JROsgi4Y+1EYIY6LzxvERNK73azd9VJGmusKhklrv8/9\nJaA442fQrryDRlp/NGeB1OabB3QGWHqzjKLSowfM7YgR7Wp4zgF0skFbUVaIsfse\ncvsehR5SzD+vORZCTWKvCwKBgAb5XcUp6yHm6c4hayXR/IsScEMx7SmDOXM1ZSkl\nRMqfI2cjXqCQtAwwzVVWG2LlsuzgH5BekOcEArFfe34x1zMap2nZnMnl8STxOYoC\nCrVejDGHH8aA+QX6/g3COStu8zyH7GVoGNF8XLdWneIX+Yg+F12jvsHCFbun/hxs\naRRNAoGAHKk/k81r1OGA0t0sfXTDk6EnYuvTWaq5UCYBwnbU7ZO8hVP/UOJRcMnz\nMPl3MGTxYZrnYAKtVTY7Emr3nH1ljuei0SQy26y9sw0vcnS4Sm8w2G0sUTFhVqdA\nWoeZzCgLnmA7eiz7N1nbhTnHYak6BhKqTcEdBzN1uHikgquJU7w=\n-----END RSA PRIVATE KEY-----\n",
            "private_key_pem_pkcs8": "-----BEGIN PRIVATE KEY-----\nMIIEvAIBADANBgkqhkiG9w0BAQEFAASCBKYwggSiAgEAAoIBAQDNPDRu88YThHR/\ngIjWiEtry5S615S6r4Ahge3UFsxn5pr0Ndrltnpefs2p+os6Ki9xI6IIzBAP6gFY\nc8nn7aOkMDC84DQBbBgiWrztmDo102bYS2WdfTA/bCBaEyeOb7rsTTXEqRTAkk3Y\nXIOsnLm0qRaMy1A4ly60mAKH9eZZF9R3NbVf6NWFzx23BwxzB0f7FJqY643W2c02\nlrgjWEnAtEqBRG5CgjfIH6bzMwS7tPMKU543Zs0X9uen8kzfNTaRt1ecvX3dwOWA\nvjpHRns/raox09O6utnNSnvMNETiSWM1jelSFnSm9BtCcvwXpmLZdwKD8UFGSqlm\nOYhmRW9xAgMBAAECggEAFbLk1Eo/yfZ6HrTnQs9cMgRvMCX02pwNjv1euMrER8Pw\n5BsBjsHxRCZh9jPAHqExLOQYkJeKpzQVelWbpkLQx140+PM3bGMSVieDzBcJKIG2\nYO3vy2vd+waikQNvbjbP64XqRmWeBRIy2spFPa3AUKKD+NTSIXmSfZOIyPktpoOW\n62A+P7mLOiBXZc0nnnB3wOuB+y3yteRajJjho5kujMdH49dvq6F8S4F5r5uP5wO4\nKIlo5AmX8cRXcjdQEqTVv7VRgWZE/myF0uqRqLoKrFtz+t13YzCOU2T6x426Y3KJ\nDi9J0CNsQd8LViEguRLpXYHA90As1wWNfaDQPIIdNQKBgQDzeBTlIIiUaf8JY3jY\n/QJcVfO7Ij4GmBkebWxB5/trSimH6Tq8zFr45gPrByJoOqaP7MOmUSfARqCHIujj\n6wNQyNzcPw3NITEDsD7vn0jZmxw/KGnnfC6z6JrcJ5dywDBRPiwG0oGG9de1PBDs\nEd68TjE4eRc34lEGWYpSBcCI2wKBgQDXzFuuvRMTWDLkGzqmc9YQzG3yPmlUacFx\nPDy90NqEdrIxpkl69qV03KYXI59tJ5+dvVVklBjZMMu1zspLlVIQLcA+AkC5/AQ3\nZwnRiSbZO2ohwsGWNZvLTZoT2yBZ8Nn8B9j/0V8xsuj/rXkyQ6QqgBLSsAhmmTM3\nkQOtJaakowKBgHoupAXMit44R2X1xnrWle2ysMsTxx7WC50Kes6kVbclE6yCLhj7\nURghjovPG8RE0rvdrN31Ukaa6wqGSWu/z/0loDjjZ9CuvINGWn80Z4HU5psHdAZY\nerOMotKjB8ztiBHtanjOAXSyQVtRVoix+x5y+x6FHlLMP685FkJNYq8LAoGABvld\nxSnrIebpziFrJdH8ixJwQzHtKYM5czVlKSVEyp8jZyNeoJC0DDDNVVYbYuWy7OAf\nkF6Q5wQCsV97fjHXMxqnadmcyeXxJPE5igIKtV6MMYcfxoD5Bfr+DcI5K27zPIfs\nZWgY0Xxct1ad4hf5iD4XXaO+wcIVu6f+HGxpFE0CgYAcqT+TzWvU4YDS3Sx9dMOT\noSdi69NZqrlQJgHCdtTtk7yFU/9Q4lFwyfMw+XcwZPFhmudgAq1VNjsSavecfWWO\n56LRJDLbrL2zDS9ydLhKbzDYbSxRMWFWp0Bah5nMKAueYDt6LPs3WduFOcdhqToG\nEqpNwR0HM3W4eKSCq4lTvA==\n-----END PRIVATE KEY-----\n",
            "public_key_fingerprint_md5": "9e:af:94:65:07:0a:50:e8:ee:8b:41:da:31:32:a9:02",
            "public_key_fingerprint_sha256": "SHA256:rPhFDPTNoZoean71VqTCcFXAU8sEIKcY2ZaDFWaDpyk",
            "public_key_openssh": "ssh-rsa AAAAB3NzaC1yc2EAAAADAQABAAABAQDNPDRu88YThHR/gIjWiEtry5S615S6r4Ahge3UFsxn5pr0Ndrltnpefs2p+os6Ki9xI6IIzBAP6gFYc8nn7aOkMDC84DQBbBgiWrztmDo102bYS2WdfTA/bCBaEyeOb7rsTTXEqRTAkk3YXIOsnLm0qRaMy1A4ly60mAKH9eZZF9R3NbVf6NWFzx23BwxzB0f7FJqY643W2c02lrgjWEnAtEqBRG5CgjfIH6bzMwS7tPMKU543Zs0X9uen8kzfNTaRt1ecvX3dwOWAvjpHRns/raox09O6utnNSnvMNETiSWM1jelSFnSm9BtCcvwXpmLZdwKD8UFGSqlmOYhmRW9x\n",
            "public_key_pem": "-----BEGIN PUBLIC KEY-----\nMIIBIjANBgkqhkiG9w0BAQEFAAOCAQ8AMIIBCgKCAQEAzTw0bvPGE4R0f4CI1ohL\na8uUuteUuq+AIYHt1BbMZ+aa9DXa5bZ6Xn7NqfqLOiovcSOiCMwQD+oBWHPJ5+2j\npDAwvOA0AWwYIlq87Zg6NdNm2EtlnX0wP2wgWhMnjm+67E01xKkUwJJN2FyDrJy5\ntKkWjMtQOJcutJgCh/XmWRfUdzW1X+jVhc8dtwcMcwdH+xSamOuN1tnNNpa4I1hJ\nwLRKgURuQoI3yB+m8zMEu7TzClOeN2bNF/bnp/JM3zU2kbdXnL193cDlgL46R0Z7\nP62qMdPTurrZzUp7zDRE4kljNY3pUhZ0pvQbQnL8F6Zi2XcCg/FBRkqpZjmIZkVv\ncQIDAQAB\n-----END PUBLIC KEY-----\n",
            "rsa_bits": 2048
          },
          "sensitive_attributes": [
            [
              {
                "type": "get_attr",
                "value": "private_key_pem"
              }
            ],
            [
              {
                "type": "get_attr",
                "value": "private_key_openssh"
              }
            ],
            [
              {
                "type": "get_attr",
                "value": "private_key_pem_pkcs8"
              }
            ]
          ]
        }
      ]
    },
    {
      "module": "module.ec2",
      "mode": "managed",
      "type": "aws_autoscaling_group",
      "name": "this",
      "provider": "provider[\"registry.terraform.io/hashicorp/aws\"]",
      "instances": [
        {
          "schema_version": 1,
          "attributes": {
            "arn": "arn:aws:autoscaling:us-east-1:637423167300:autoScalingGroup:a6d74783-63b4-438e-8e81-aecbb19734be:autoScalingGroupName/terraform-20241213010852290600000005",
            "availability_zones": [
              "us-east-1a",
              "us-east-1c"
            ],
            "capacity_rebalance": false,
            "context": "",
            "default_cooldown": 300,
            "default_instance_warmup": 0,
            "desired_capacity": 2,
            "desired_capacity_type": "",
            "enabled_metrics": [],
            "force_delete": false,
            "force_delete_warm_pool": false,
            "health_check_grace_period": 300,
            "health_check_type": "EC2",
            "id": "terraform-20241213010852290600000005",
            "ignore_failed_scaling_activities": false,
            "initial_lifecycle_hook": [],
            "instance_maintenance_policy": [],
            "instance_refresh": [],
            "launch_configuration": "",
            "launch_template": [
              {
                "id": "lt-06f04af135961fce0",
                "name": "opensid2-20241213010842003700000003",
                "version": "$Latest"
              }
            ],
            "load_balancers": [],
            "max_instance_lifetime": 0,
            "max_size": 4,
            "metrics_granularity": "1Minute",
            "min_elb_capacity": null,
            "min_size": 1,
            "mixed_instances_policy": [],
            "name": "terraform-20241213010852290600000005",
            "name_prefix": "terraform-",
            "placement_group": "",
            "predicted_capacity": 0,
            "protect_from_scale_in": false,
            "service_linked_role_arn": "arn:aws:iam::637423167300:role/aws-service-role/autoscaling.amazonaws.com/AWSServiceRoleForAutoScaling",
            "suspended_processes": [],
            "tag": [
              {
                "key": "Name",
                "propagate_at_launch": true,
                "value": "opensid2-asg"
              }
            ],
            "target_group_arns": [],
            "termination_policies": [],
            "timeouts": null,
            "traffic_source": [],
            "vpc_zone_identifier": [
              "subnet-084ffff706b01cba4",
              "subnet-0a0ea02bb855ca9dc"
            ],
            "wait_for_capacity_timeout": "10m",
            "wait_for_elb_capacity": null,
            "warm_pool": [],
            "warm_pool_size": 0
          },
          "sensitive_attributes": [],
          "private": "eyJlMmJmYjczMC1lY2FhLTExZTYtOGY4OC0zNDM2M2JjN2M0YzAiOnsiZGVsZXRlIjo2MDAwMDAwMDAwMDAsInVwZGF0ZSI6NjAwMDAwMDAwMDAwfSwic2NoZW1hX3ZlcnNpb24iOiIxIn0=",
          "dependencies": [
            "aws_key_pair.this",
            "aws_security_group.default",
            "module.ec2.aws_launch_template.this",
            "module.vpc.aws_subnet.public",
            "module.vpc.aws_vpc.this",
            "tls_private_key.this"
          ]
        }
      ]
    },
    {
      "module": "module.ec2",
      "mode": "managed",
      "type": "aws_launch_template",
      "name": "this",
      "provider": "provider[\"registry.terraform.io/hashicorp/aws\"]",
      "instances": [
        {
          "schema_version": 0,
          "attributes": {
            "arn": "arn:aws:ec2:us-east-1:637423167300:launch-template/lt-06f04af135961fce0",
            "block_device_mappings": [],
            "capacity_reservation_specification": [],
            "cpu_options": [],
            "credit_specification": [],
            "default_version": 1,
            "description": "",
            "disable_api_stop": false,
            "disable_api_termination": false,
            "ebs_optimized": "",
            "elastic_gpu_specifications": [],
            "elastic_inference_accelerator": [],
            "enclave_options": [],
            "hibernation_options": [],
            "iam_instance_profile": [],
            "id": "lt-06f04af135961fce0",
            "image_id": "ami-0453ec754f44f9a4a",
            "instance_initiated_shutdown_behavior": "",
            "instance_market_options": [],
            "instance_requirements": [],
            "instance_type": "t3.micro",
            "kernel_id": "",
            "key_name": "opensid2-keypair",
            "latest_version": 1,
            "license_specification": [],
            "maintenance_options": [],
            "metadata_options": [],
            "monitoring": [],
            "name": "opensid2-20241213010842003700000003",
            "name_prefix": "opensid2-",
            "network_interfaces": [
              {
                "associate_carrier_ip_address": "",
                "associate_public_ip_address": "true",
                "delete_on_termination": "",
                "description": "",
                "device_index": 0,
                "interface_type": "",
                "ipv4_address_count": 0,
                "ipv4_addresses": [],
                "ipv4_prefix_count": 0,
                "ipv4_prefixes": [],
                "ipv6_address_count": 0,
                "ipv6_addresses": [],
                "ipv6_prefix_count": 0,
                "ipv6_prefixes": [],
                "network_card_index": 0,
                "network_interface_id": "",
                "primary_ipv6": "",
                "private_ip_address": "",
                "security_groups": [
                  "sg-066a1a05cb78f268e"
                ],
                "subnet_id": ""
              }
            ],
            "placement": [],
            "private_dns_name_options": [],
            "ram_disk_id": "",
            "security_group_names": [],
            "tag_specifications": [
              {
                "resource_type": "instance",
                "tags": {
                  "Name": "opensid2-instance"
                }
              }
            ],
            "tags": {},
            "tags_all": {},
            "update_default_version": null,
            "user_data": "",
            "vpc_security_group_ids": []
          },
          "sensitive_attributes": [],
          "private": "bnVsbA==",
          "dependencies": [
            "aws_key_pair.this",
            "aws_security_group.default",
            "module.vpc.aws_vpc.this",
            "tls_private_key.this"
          ]
        }
      ]
    },
    {
      "module": "module.rds",
      "mode": "managed",
      "type": "aws_db_instance",
      "name": "this",
      "provider": "provider[\"registry.terraform.io/hashicorp/aws\"]",
      "instances": [
        {
          "schema_version": 2,
          "attributes": {
            "address": "terraform-20241213010841963400000002.c96mawou4kzy.us-east-1.rds.amazonaws.com",
            "allocated_storage": 20,
            "allow_major_version_upgrade": null,
            "apply_immediately": false,
            "arn": "arn:aws:rds:us-east-1:637423167300:db:terraform-20241213010841963400000002",
            "auto_minor_version_upgrade": true,
            "availability_zone": "us-east-1b",
            "backup_retention_period": 0,
            "backup_target": "region",
            "backup_window": "03:02-03:32",
            "blue_green_update": [],
            "ca_cert_identifier": "rds-ca-rsa2048-g1",
            "character_set_name": "",
            "copy_tags_to_snapshot": false,
            "custom_iam_instance_profile": "",
            "customer_owned_ip_enabled": false,
            "db_name": "opensid_db",
            "db_subnet_group_name": "opensid2-db-subnet-group",
            "dedicated_log_volume": false,
            "delete_automated_backups": true,
            "deletion_protection": false,
            "domain": "",
            "domain_auth_secret_arn": "",
            "domain_dns_ips": [],
            "domain_fqdn": "",
            "domain_iam_role_name": "",
            "domain_ou": "",
            "enabled_cloudwatch_logs_exports": [],
            "endpoint": "terraform-20241213010841963400000002.c96mawou4kzy.us-east-1.rds.amazonaws.com:3306",
            "engine": "mysql",
            "engine_lifecycle_support": "open-source-rds-extended-support",
            "engine_version": "8.0",
            "engine_version_actual": "8.0.39",
            "final_snapshot_identifier": null,
            "hosted_zone_id": "Z2R2ITUGPM61AM",
            "iam_database_authentication_enabled": false,
            "id": "db-TAZ37ZB6W3JZJRYKV6G6UNVULU",
            "identifier": "terraform-20241213010841963400000002",
            "identifier_prefix": "terraform-",
            "instance_class": "db.t3.micro",
            "iops": 0,
            "kms_key_id": "",
            "latest_restorable_time": "",
            "license_model": "general-public-license",
            "listener_endpoint": [],
            "maintenance_window": "sun:07:28-sun:07:58",
            "manage_master_user_password": null,
            "master_user_secret": [],
            "master_user_secret_kms_key_id": null,
            "max_allocated_storage": 0,
            "monitoring_interval": 0,
            "monitoring_role_arn": "",
            "multi_az": false,
            "nchar_character_set_name": "",
            "network_type": "IPV4",
            "option_group_name": "default:mysql-8-0",
            "parameter_group_name": "default.mysql8.0",
            "password": "securepassword123",
            "performance_insights_enabled": false,
            "performance_insights_kms_key_id": "",
            "performance_insights_retention_period": 0,
            "port": 3306,
            "publicly_accessible": false,
            "replica_mode": "",
            "replicas": [],
            "replicate_source_db": "",
            "resource_id": "db-TAZ37ZB6W3JZJRYKV6G6UNVULU",
            "restore_to_point_in_time": [],
            "s3_import": [],
            "skip_final_snapshot": false,
            "snapshot_identifier": null,
            "status": "available",
            "storage_encrypted": false,
            "storage_throughput": 0,
            "storage_type": "gp2",
            "tags": {},
            "tags_all": {},
            "timeouts": null,
            "timezone": "",
            "upgrade_storage_config": null,
            "username": "admin",
            "vpc_security_group_ids": [
              "sg-066a1a05cb78f268e"
            ]
          },
          "sensitive_attributes": [
            [
              {
                "type": "get_attr",
                "value": "password"
              }
            ]
          ],
          "private": "eyJlMmJmYjczMC1lY2FhLTExZTYtOGY4OC0zNDM2M2JjN2M0YzAiOnsiY3JlYXRlIjoyNDAwMDAwMDAwMDAwLCJkZWxldGUiOjM2MDAwMDAwMDAwMDAsInVwZGF0ZSI6NDgwMDAwMDAwMDAwMH0sInNjaGVtYV92ZXJzaW9uIjoiMiJ9",
          "dependencies": [
            "aws_security_group.default",
            "module.rds.aws_db_subnet_group.this",
            "module.vpc.aws_subnet.private",
            "module.vpc.aws_vpc.this",
            "module.vpc.data.aws_availability_zones.available"
          ]
        }
      ]
    },
    {
      "module": "module.rds",
      "mode": "managed",
      "type": "aws_db_subnet_group",
      "name": "this",
      "provider": "provider[\"registry.terraform.io/hashicorp/aws\"]",
      "instances": [
        {
          "schema_version": 0,
          "attributes": {
            "arn": "arn:aws:rds:us-east-1:637423167300:subgrp:opensid2-db-subnet-group",
            "description": "Managed by Terraform",
            "id": "opensid2-db-subnet-group",
            "name": "opensid2-db-subnet-group",
            "name_prefix": "",
            "subnet_ids": [
              "subnet-07ed6113a6f8f51e9",
              "subnet-0d0ecea5dc463ecb7"
            ],
            "supported_network_types": [
              "IPV4"
            ],
            "tags": {
              "Name": "opensid2-db-subnet-group"
            },
            "tags_all": {
              "Name": "opensid2-db-subnet-group"
            },
            "vpc_id": "vpc-0e68723a888e08b42"
          },
          "sensitive_attributes": [],
          "private": "bnVsbA==",
          "dependencies": [
            "module.vpc.aws_subnet.private",
            "module.vpc.aws_vpc.this",
            "module.vpc.data.aws_availability_zones.available"
          ]
        }
      ]
    },
    {
      "module": "module.s3",
      "mode": "managed",
      "type": "aws_s3_bucket",
      "name": "this",
      "provider": "provider[\"registry.terraform.io/hashicorp/aws\"]",
      "instances": [
        {
          "schema_version": 0,
          "attributes": {
            "acceleration_status": "",
            "acl": "private",
            "arn": "arn:aws:s3:::testa-factual-kingfish",
            "bucket": "testa-factual-kingfish",
            "bucket_domain_name": "testa-factual-kingfish.s3.amazonaws.com",
            "bucket_prefix": "",
            "bucket_regional_domain_name": "testa-factual-kingfish.s3.us-east-1.amazonaws.com",
            "cors_rule": [],
            "force_destroy": false,
            "grant": [
              {
                "id": "8f0b1561bf9397da442162b8858c0305fdd62ced4356cb5f28ef5ab7d1c9b22d",
                "permissions": [
                  "FULL_CONTROL"
                ],
                "type": "CanonicalUser",
                "uri": ""
              }
            ],
            "hosted_zone_id": "Z3AQBSTGFYJSTF",
            "id": "testa-factual-kingfish",
            "lifecycle_rule": [],
            "logging": [],
            "object_lock_configuration": [],
            "object_lock_enabled": false,
            "policy": "",
            "region": "us-east-1",
            "replication_configuration": [],
            "request_payer": "BucketOwner",
            "server_side_encryption_configuration": [
              {
                "rule": [
                  {
                    "apply_server_side_encryption_by_default": [
                      {
                        "kms_master_key_id": "",
                        "sse_algorithm": "AES256"
                      }
                    ],
                    "bucket_key_enabled": false
                  }
                ]
              }
            ],
            "tags": {
              "Name": "testa-factual-kingfish"
            },
            "tags_all": {
              "Name": "testa-factual-kingfish"
            },
            "timeouts": null,
            "versioning": [
              {
                "enabled": false,
                "mfa_delete": false
              }
            ],
            "website": [],
            "website_domain": null,
            "website_endpoint": null
          },
          "sensitive_attributes": [],
          "private": "eyJlMmJmYjczMC1lY2FhLTExZTYtOGY4OC0zNDM2M2JjN2M0YzAiOnsiY3JlYXRlIjoxMjAwMDAwMDAwMDAwLCJkZWxldGUiOjM2MDAwMDAwMDAwMDAsInJlYWQiOjEyMDAwMDAwMDAwMDAsInVwZGF0ZSI6MTIwMDAwMDAwMDAwMH19",
          "dependencies": [
            "module.s3.random_pet.unique_suffix"
          ]
        }
      ]
    },
    {
      "module": "module.s3",
      "mode": "managed",
      "type": "random_pet",
      "name": "unique_suffix",
      "provider": "provider[\"registry.terraform.io/hashicorp/random\"]",
      "instances": [
        {
          "schema_version": 0,
          "attributes": {
            "id": "factual-kingfish",
            "keepers": null,
            "length": 2,
            "prefix": null,
            "separator": "-"
          },
          "sensitive_attributes": []
        }
      ]
    },
    {
      "module": "module.vpc",
      "mode": "data",
      "type": "aws_availability_zones",
      "name": "available",
      "provider": "provider[\"registry.terraform.io/hashicorp/aws\"]",
      "instances": [
        {
          "schema_version": 0,
          "attributes": {
            "all_availability_zones": null,
            "exclude_names": null,
            "exclude_zone_ids": null,
            "filter": null,
            "group_names": [
              "us-east-1"
            ],
            "id": "us-east-1",
            "names": [
              "us-east-1a",
              "us-east-1b",
              "us-east-1c",
              "us-east-1d",
              "us-east-1e",
              "us-east-1f"
            ],
            "state": null,
            "timeouts": null,
            "zone_ids": [
              "use1-az2",
              "use1-az4",
              "use1-az6",
              "use1-az1",
              "use1-az3",
              "use1-az5"
            ]
          },
          "sensitive_attributes": []
        }
      ]
    },
    {
      "module": "module.vpc",
      "mode": "managed",
      "type": "aws_subnet",
      "name": "private",
      "provider": "provider[\"registry.terraform.io/hashicorp/aws\"]",
      "instances": [
        {
          "index_key": 0,
          "schema_version": 1,
          "attributes": {
            "arn": "arn:aws:ec2:us-east-1:637423167300:subnet/subnet-0d0ecea5dc463ecb7",
            "assign_ipv6_address_on_creation": false,
            "availability_zone": "us-east-1a",
            "availability_zone_id": "use1-az2",
            "cidr_block": "10.0.1.0/24",
            "customer_owned_ipv4_pool": "",
            "enable_dns64": false,
            "enable_lni_at_device_index": 0,
            "enable_resource_name_dns_a_record_on_launch": false,
            "enable_resource_name_dns_aaaa_record_on_launch": false,
            "id": "subnet-0d0ecea5dc463ecb7",
            "ipv6_cidr_block": "",
            "ipv6_cidr_block_association_id": "",
            "ipv6_native": false,
            "map_customer_owned_ip_on_launch": false,
            "map_public_ip_on_launch": false,
            "outpost_arn": "",
            "owner_id": "637423167300",
            "private_dns_hostname_type_on_launch": "ip-name",
            "tags": {
              "Name": "opensid2-private-subnet-0"
            },
            "tags_all": {
              "Name": "opensid2-private-subnet-0"
            },
            "timeouts": null,
            "vpc_id": "vpc-0e68723a888e08b42"
          },
          "sensitive_attributes": [],
          "private": "eyJlMmJmYjczMC1lY2FhLTExZTYtOGY4OC0zNDM2M2JjN2M0YzAiOnsiY3JlYXRlIjo2MDAwMDAwMDAwMDAsImRlbGV0ZSI6MTIwMDAwMDAwMDAwMH0sInNjaGVtYV92ZXJzaW9uIjoiMSJ9",
          "dependencies": [
            "module.vpc.aws_vpc.this",
            "module.vpc.data.aws_availability_zones.available"
          ]
        },
        {
          "index_key": 1,
          "schema_version": 1,
          "attributes": {
            "arn": "arn:aws:ec2:us-east-1:637423167300:subnet/subnet-07ed6113a6f8f51e9",
            "assign_ipv6_address_on_creation": false,
            "availability_zone": "us-east-1b",
            "availability_zone_id": "use1-az4",
            "cidr_block": "10.0.2.0/24",
            "customer_owned_ipv4_pool": "",
            "enable_dns64": false,
            "enable_lni_at_device_index": 0,
            "enable_resource_name_dns_a_record_on_launch": false,
            "enable_resource_name_dns_aaaa_record_on_launch": false,
            "id": "subnet-07ed6113a6f8f51e9",
            "ipv6_cidr_block": "",
            "ipv6_cidr_block_association_id": "",
            "ipv6_native": false,
            "map_customer_owned_ip_on_launch": false,
            "map_public_ip_on_launch": false,
            "outpost_arn": "",
            "owner_id": "637423167300",
            "private_dns_hostname_type_on_launch": "ip-name",
            "tags": {
              "Name": "opensid2-private-subnet-1"
            },
            "tags_all": {
              "Name": "opensid2-private-subnet-1"
            },
            "timeouts": null,
            "vpc_id": "vpc-0e68723a888e08b42"
          },
          "sensitive_attributes": [],
          "private": "eyJlMmJmYjczMC1lY2FhLTExZTYtOGY4OC0zNDM2M2JjN2M0YzAiOnsiY3JlYXRlIjo2MDAwMDAwMDAwMDAsImRlbGV0ZSI6MTIwMDAwMDAwMDAwMH0sInNjaGVtYV92ZXJzaW9uIjoiMSJ9",
          "dependencies": [
            "module.vpc.aws_vpc.this",
            "module.vpc.data.aws_availability_zones.available"
          ]
        }
      ]
    },
    {
      "module": "module.vpc",
      "mode": "managed",
      "type": "aws_subnet",
      "name": "public",
      "provider": "provider[\"registry.terraform.io/hashicorp/aws\"]",
      "instances": [
        {
          "index_key": 0,
          "schema_version": 1,
          "attributes": {
            "arn": "arn:aws:ec2:us-east-1:637423167300:subnet/subnet-084ffff706b01cba4",
            "assign_ipv6_address_on_creation": false,
            "availability_zone": "us-east-1a",
            "availability_zone_id": "use1-az2",
            "cidr_block": "10.0.3.0/24",
            "customer_owned_ipv4_pool": "",
            "enable_dns64": false,
            "enable_lni_at_device_index": 0,
            "enable_resource_name_dns_a_record_on_launch": false,
            "enable_resource_name_dns_aaaa_record_on_launch": false,
            "id": "subnet-084ffff706b01cba4",
            "ipv6_cidr_block": "",
            "ipv6_cidr_block_association_id": "",
            "ipv6_native": false,
            "map_customer_owned_ip_on_launch": false,
            "map_public_ip_on_launch": true,
            "outpost_arn": "",
            "owner_id": "637423167300",
            "private_dns_hostname_type_on_launch": "ip-name",
            "tags": {
              "Name": "opensid2-public-subnet-0"
            },
            "tags_all": {
              "Name": "opensid2-public-subnet-0"
            },
            "timeouts": null,
            "vpc_id": "vpc-0e68723a888e08b42"
          },
          "sensitive_attributes": [],
          "private": "eyJlMmJmYjczMC1lY2FhLTExZTYtOGY4OC0zNDM2M2JjN2M0YzAiOnsiY3JlYXRlIjo2MDAwMDAwMDAwMDAsImRlbGV0ZSI6MTIwMDAwMDAwMDAwMH0sInNjaGVtYV92ZXJzaW9uIjoiMSJ9",
          "dependencies": [
            "module.vpc.aws_vpc.this"
          ]
        },
        {
          "index_key": 1,
          "schema_version": 1,
          "attributes": {
            "arn": "arn:aws:ec2:us-east-1:637423167300:subnet/subnet-0a0ea02bb855ca9dc",
            "assign_ipv6_address_on_creation": false,
            "availability_zone": "us-east-1c",
            "availability_zone_id": "use1-az6",
            "cidr_block": "10.0.4.0/24",
            "customer_owned_ipv4_pool": "",
            "enable_dns64": false,
            "enable_lni_at_device_index": 0,
            "enable_resource_name_dns_a_record_on_launch": false,
            "enable_resource_name_dns_aaaa_record_on_launch": false,
            "id": "subnet-0a0ea02bb855ca9dc",
            "ipv6_cidr_block": "",
            "ipv6_cidr_block_association_id": "",
            "ipv6_native": false,
            "map_customer_owned_ip_on_launch": false,
            "map_public_ip_on_launch": true,
            "outpost_arn": "",
            "owner_id": "637423167300",
            "private_dns_hostname_type_on_launch": "ip-name",
            "tags": {
              "Name": "opensid2-public-subnet-1"
            },
            "tags_all": {
              "Name": "opensid2-public-subnet-1"
            },
            "timeouts": null,
            "vpc_id": "vpc-0e68723a888e08b42"
          },
          "sensitive_attributes": [],
          "private": "eyJlMmJmYjczMC1lY2FhLTExZTYtOGY4OC0zNDM2M2JjN2M0YzAiOnsiY3JlYXRlIjo2MDAwMDAwMDAwMDAsImRlbGV0ZSI6MTIwMDAwMDAwMDAwMH0sInNjaGVtYV92ZXJzaW9uIjoiMSJ9",
          "dependencies": [
            "module.vpc.aws_vpc.this"
          ]
        }
      ]
    },
    {
      "module": "module.vpc",
      "mode": "managed",
      "type": "aws_vpc",
      "name": "this",
      "provider": "provider[\"registry.terraform.io/hashicorp/aws\"]",
      "instances": [
        {
          "schema_version": 1,
          "attributes": {
            "arn": "arn:aws:ec2:us-east-1:637423167300:vpc/vpc-0e68723a888e08b42",
            "assign_generated_ipv6_cidr_block": false,
            "cidr_block": "10.0.0.0/16",
            "default_network_acl_id": "acl-04c144da636c0478b",
            "default_route_table_id": "rtb-066ba096ff7385703",
            "default_security_group_id": "sg-04bb5645dc8212a05",
            "dhcp_options_id": "dopt-032e05739761d9b22",
            "enable_dns_hostnames": true,
            "enable_dns_support": true,
            "enable_network_address_usage_metrics": false,
            "id": "vpc-0e68723a888e08b42",
            "instance_tenancy": "default",
            "ipv4_ipam_pool_id": null,
            "ipv4_netmask_length": null,
            "ipv6_association_id": "",
            "ipv6_cidr_block": "",
            "ipv6_cidr_block_network_border_group": "",
            "ipv6_ipam_pool_id": "",
            "ipv6_netmask_length": 0,
            "main_route_table_id": "rtb-066ba096ff7385703",
            "owner_id": "637423167300",
            "tags": {
              "Name": "opensid2-vpc"
            },
            "tags_all": {
              "Name": "opensid2-vpc"
            }
          },
          "sensitive_attributes": [],
          "private": "eyJzY2hlbWFfdmVyc2lvbiI6IjEifQ=="
        }
      ]
    }
  ],
  "check_results": null
}
