{
  "version": 4,
  "terraform_version": "1.9.8",
  "serial": 36,
  "lineage": "436d995f-9520-5b5e-e34e-3ea28ca73309",
  "outputs": {
    "private_key": {
      "value": "-----BEGIN RSA PRIVATE KEY-----\nMIIEpQIBAAKCAQEAyvGqAiqPHnJRu8E6e4HHlYbOm/BKOE1l/ullAKoQTbTC1oFq\nTM/dbh1MWqXKUQCMWs567TydTEDWARc/3zycms8iR4phlyN4NJv5kKlPwr7jnUNN\nUOwmno2Qf5VAE+kve/VqNHf6luUB7Bc/RivyBfwThMQIIOG47zAJTcDGD9w+FwH1\n3GzIJ9NgfUSi+effQJmBkW9fUnVRVOayPFKJrEz3HqX5oBeB39FgHbmXS/JbVzow\nBHGRcvpkVK41eaSQo1o5G3w48bxIgNbPjoEvXOOgjOJuQldh7zsynhB/Fn/ABaj/\nXw+1fGeiOyeMjc7QA9kimI8Luj+eSo0ADkEtcwIDAQABAoIBAQDFL/beT/frv2xH\nIELwynLgiLGrttiGyD14Z9KpyJQ6zI4b2ncs1zPx0CnmUfy4o+28NbAfXqv/8Wd+\ne9al08DecrB+DqkwL1iW1Y6xzrEfKlcC8Ofo3uvPVwG11ZEDR6nJqfVdsc4cW7t4\naEYkqoJo6jsU31x+hpQoY+ZGVC6eLMgc4SfwBpLZlzyJUmeKigGopHmVACj4GXkf\noVxSzteTJO97pSTmlwb+mOnDHLF0gEVOzs6nw5eGU5r87fYfrrQm6BKCQVozawB5\npbWAiWdq3Mdu2cMyd7HmV/kmaaIGpKCBSGOPXByAIrSgLppUKd1UprQjSvkfd4Lw\n/GcLb/sBAoGBAO2TxTFX4tKZYY0QL2BTZEczuvEQh9eCZYsOty+1lm8f49YAfKfk\nMKSrdXl21K29IUu0FPp+Q3O+I6kpzJKqk3KrTfMjAz5mfrEYrQdgYaLL/0BaaiOn\ny+3Hboh/IkT3v3Kh7VAsYI++ws2DoYLMP5AN72VqS5QS4FFGV6fuV3tBAoGBANqu\nYJnFGghWmGU6vOype5fIRpdIo2uCYYp/OwxQnBv0oxMLcNIiEGkofdzHNPoVkVVN\nsOHH0Dj0sQg9u4EAC8VVIaGQ7ZyWjoTe+/qZ0kvtfkLFRIbboO2lhUBSrw85Iyey\nQKuKZAi4yFexOyOkrW+MysGFx4e5ksQiPfrEgT+zAoGBAKzrkmrA0jqBI0y+TA1r\nhSCCGX4ejxEgOvKE6naSUAVgC8AWqKS25WTl22JmSJSQhWyJjX9paYUUDvawktLp\nztp2rwzaHiFMDsit8jrdPxN0MbxQUtLS7g6KyvwUtQfH35P7IjTpp/rYWQem2GbQ\nbS9XxThmrs3/E0B015ZGV2xBAoGBALTn3PJYpBiRyrCzzubZrmz6OaudY9PkoFy6\ntFaTuRFHaECxDjxIAdt8q+Kgyaq5fOlcxB+D9TWo92sh5qPpLdOpgZDvHCKWSoCR\nF1NRPS+i4PjLyMznlFIExB9aR4gIdJS6WdWPPwIYG2SwMYRjDzdg+bruuQoG8ute\niHeTaHkRAoGAJdDqHhPpCmLTklyo61+zUCI0R8OpFPuuDs7Dlt2ZmfCtIsng38Qu\ne3qObI0Wtfoi3ji8IQAaaefE/MCmHB6b5xp9lc82E5dHhWSTshh2LmKLO9jki7Bq\nlq5anv7SX4wsmGLsVFtqEZ/T5h7CqE5y0VzIiA5DOG6EODKhQ5fg54A=\n-----END RSA PRIVATE KEY-----\n",
      "type": "string",
      "sensitive": true
    },
    "private_subnets": {
      "value": [
        "subnet-0d0ecea5dc463ecb7",
        "subnet-07ed6113a6f8f51e9"
      ],
      "type": [
        "tuple",
        [
          "string",
          "string"
        ]
      ]
    },
    "rds_endpoint": {
      "value": "terraform-20241213010841963400000002.c96mawou4kzy.us-east-1.rds.amazonaws.com:3306",
      "type": "string"
    },
    "vpc_id": {
      "value": "vpc-0e68723a888e08b42",
      "type": "string"
    }
  },
  "resources": [
    {
      "mode": "managed",
      "type": "aws_key_pair",
      "name": "this",
      "provider": "provider[\"registry.terraform.io/hashicorp/aws\"]",
      "instances": [
        {
          "schema_version": 1,
          "attributes": {
            "arn": "arn:aws:ec2:us-east-1:637423167300:key-pair/openseal1-keypair",
            "fingerprint": "6a:88:7f:85:fd:cf:ca:65:9a:87:84:e0:f7:ed:dc:c1",
            "id": "openseal1-keypair",
            "key_name": "openseal1-keypair",
            "key_name_prefix": "",
            "key_pair_id": "key-057d7b6ebcee7725a",
            "key_type": "rsa",
            "public_key": "ssh-rsa AAAAB3NzaC1yc2EAAAADAQABAAABAQDK8aoCKo8eclG7wTp7gceVhs6b8Eo4TWX+6WUAqhBNtMLWgWpMz91uHUxapcpRAIxaznrtPJ1MQNYBFz/fPJyazyJHimGXI3g0m/mQqU/CvuOdQ01Q7CaejZB/lUAT6S979Wo0d/qW5QHsFz9GK/IF/BOExAgg4bjvMAlNwMYP3D4XAfXcbMgn02B9RKL5599AmYGRb19SdVFU5rI8UomsTPcepfmgF4Hf0WAduZdL8ltXOjAEcZFy+mRUrjV5pJCjWjkbfDjxvEiA1s+OgS9c46CM4m5CV2HvOzKeEH8Wf8AFqP9fD7V8Z6I7J4yNztAD2SKYjwu6P55KjQAOQS1z",
            "tags": null,
            "tags_all": {}
          },
          "sensitive_attributes": [],
          "private": "eyJzY2hlbWFfdmVyc2lvbiI6IjEifQ==",
          "dependencies": [
            "tls_private_key.this"
          ]
        }
      ]
    },
    {
      "mode": "managed",
      "type": "aws_security_group",
      "name": "default",
      "provider": "provider[\"registry.terraform.io/hashicorp/aws\"]",
      "instances": [
        {
          "schema_version": 1,
          "attributes": {
            "arn": "arn:aws:ec2:us-east-1:637423167300:security-group/sg-066a1a05cb78f268e",
            "description": "Default security group",
            "egress": [
              {
                "cidr_blocks": [
                  "0.0.0.0/0"
                ],
                "description": "",
                "from_port": 0,
                "ipv6_cidr_blocks": [],
                "prefix_list_ids": [],
                "protocol": "tcp",
                "security_groups": [],
                "self": false,
                "to_port": 65535
              }
            ],
            "id": "sg-066a1a05cb78f268e",
            "ingress": [
              {
                "cidr_blocks": [
                  "0.0.0.0/0"
                ],
                "description": "",
                "from_port": 0,
                "ipv6_cidr_blocks": [],
                "prefix_list_ids": [],
                "protocol": "tcp",
                "security_groups": [],
                "self": false,
                "to_port": 65535
              }
            ],
            "name": "opensid2-sg20241213010830475300000001",
            "name_prefix": "opensid2-sg",
            "owner_id": "637423167300",
            "revoke_rules_on_delete": false,
            "tags": {},
            "tags_all": {},
            "timeouts": null,
            "vpc_id": "vpc-0e68723a888e08b42"
          },
          "sensitive_attributes": [],
          "private": "eyJlMmJmYjczMC1lY2FhLTExZTYtOGY4OC0zNDM2M2JjN2M0YzAiOnsiY3JlYXRlIjo2MDAwMDAwMDAwMDAsImRlbGV0ZSI6OTAwMDAwMDAwMDAwfSwic2NoZW1hX3ZlcnNpb24iOiIxIn0=",
          "dependencies": [
            "module.vpc.aws_vpc.this"
          ]
        }
      ]
    },
    {
      "mode": "managed",
      "type": "tls_private_key",
      "name": "this",
      "provider": "provider[\"registry.terraform.io/hashicorp/tls\"]",
      "instances": [
        {
          "schema_version": 1,
          "attributes": {
            "algorithm": "RSA",
            "ecdsa_curve": "P224",
            "id": "e0c50633b354e9fa36440988a891fd30c2c548a9",
            "private_key_openssh": "-----BEGIN OPENSSH PRIVATE KEY-----\nb3BlbnNzaC1rZXktdjEAAAAABG5vbmUAAAAEbm9uZQAAAAAAAAABAAABFwAAAAdz\nc2gtcnNhAAAAAwEAAQAAAQEAyvGqAiqPHnJRu8E6e4HHlYbOm/BKOE1l/ullAKoQ\nTbTC1oFqTM/dbh1MWqXKUQCMWs567TydTEDWARc/3zycms8iR4phlyN4NJv5kKlP\nwr7jnUNNUOwmno2Qf5VAE+kve/VqNHf6luUB7Bc/RivyBfwThMQIIOG47zAJTcDG\nD9w+FwH13GzIJ9NgfUSi+effQJmBkW9fUnVRVOayPFKJrEz3HqX5oBeB39FgHbmX\nS/JbVzowBHGRcvpkVK41eaSQo1o5G3w48bxIgNbPjoEvXOOgjOJuQldh7zsynhB/\nFn/ABaj/Xw+1fGeiOyeMjc7QA9kimI8Luj+eSo0ADkEtcwAAA7gErx2SBK8dkgAA\nAAdzc2gtcnNhAAABAQDK8aoCKo8eclG7wTp7gceVhs6b8Eo4TWX+6WUAqhBNtMLW\ngWpMz91uHUxapcpRAIxaznrtPJ1MQNYBFz/fPJyazyJHimGXI3g0m/mQqU/CvuOd\nQ01Q7CaejZB/lUAT6S979Wo0d/qW5QHsFz9GK/IF/BOExAgg4bjvMAlNwMYP3D4X\nAfXcbMgn02B9RKL5599AmYGRb19SdVFU5rI8UomsTPcepfmgF4Hf0WAduZdL8ltX\nOjAEcZFy+mRUrjV5pJCjWjkbfDjxvEiA1s+OgS9c46CM4m5CV2HvOzKeEH8Wf8AF\nqP9fD7V8Z6I7J4yNztAD2SKYjwu6P55KjQAOQS1zAAAAAwEAAQAAAQEAxS/23k/3\n679sRyBC8Mpy4Iixq7bYhsg9eGfSqciUOsyOG9p3LNcz8dAp5lH8uKPtvDWwH16r\n//FnfnvWpdPA3nKwfg6pMC9YltWOsc6xHypXAvDn6N7rz1cBtdWRA0epyan1XbHO\nHFu7eGhGJKqCaOo7FN9cfoaUKGPmRlQunizIHOEn8AaS2Zc8iVJniooBqKR5lQAo\n+Bl5H6FcUs7XkyTve6Uk5pcG/pjpwxyxdIBFTs7Op8OXhlOa/O32H660JugSgkFa\nM2sAeaW1gIlnatzHbtnDMnex5lf5JmmiBqSggUhjj1wcgCK0oC6aVCndVKa0I0r5\nH3eC8PxnC2/7AQAAAIAl0OoeE+kKYtOSXKjrX7NQIjRHw6kU+64OzsOW3ZmZ8K0i\nyeDfxC57eo5sjRa1+iLeOLwhABpp58T8wKYcHpvnGn2VzzYTl0eFZJOyGHYuYos7\n2OSLsGqWrlqe/tJfjCyYYuxUW2oRn9PmHsKoTnLRXMiIDkM4boQ4MqFDl+DngAAA\nAIEA7ZPFMVfi0plhjRAvYFNkRzO68RCH14Jliw63L7WWbx/j1gB8p+QwpKt1eXbU\nrb0hS7QU+n5Dc74jqSnMkqqTcqtN8yMDPmZ+sRitB2Bhosv/QFpqI6fL7cduiH8i\nRPe/cqHtUCxgj77CzYOhgsw/kA3vZWpLlBLgUUZXp+5Xe0EAAACBANquYJnFGghW\nmGU6vOype5fIRpdIo2uCYYp/OwxQnBv0oxMLcNIiEGkofdzHNPoVkVVNsOHH0Dj0\nsQg9u4EAC8VVIaGQ7ZyWjoTe+/qZ0kvtfkLFRIbboO2lhUBSrw85IyeyQKuKZAi4\nyFexOyOkrW+MysGFx4e5ksQiPfrEgT+zAAAAAAEC\n-----END OPENSSH PRIVATE KEY-----\n",
            "private_key_pem": "-----BEGIN RSA PRIVATE KEY-----\nMIIEpQIBAAKCAQEAyvGqAiqPHnJRu8E6e4HHlYbOm/BKOE1l/ullAKoQTbTC1oFq\nTM/dbh1MWqXKUQCMWs567TydTEDWARc/3zycms8iR4phlyN4NJv5kKlPwr7jnUNN\nUOwmno2Qf5VAE+kve/VqNHf6luUB7Bc/RivyBfwThMQIIOG47zAJTcDGD9w+FwH1\n3GzIJ9NgfUSi+effQJmBkW9fUnVRVOayPFKJrEz3HqX5oBeB39FgHbmXS/JbVzow\nBHGRcvpkVK41eaSQo1o5G3w48bxIgNbPjoEvXOOgjOJuQldh7zsynhB/Fn/ABaj/\nXw+1fGeiOyeMjc7QA9kimI8Luj+eSo0ADkEtcwIDAQABAoIBAQDFL/beT/frv2xH\nIELwynLgiLGrttiGyD14Z9KpyJQ6zI4b2ncs1zPx0CnmUfy4o+28NbAfXqv/8Wd+\ne9al08DecrB+DqkwL1iW1Y6xzrEfKlcC8Ofo3uvPVwG11ZEDR6nJqfVdsc4cW7t4\naEYkqoJo6jsU31x+hpQoY+ZGVC6eLMgc4SfwBpLZlzyJUmeKigGopHmVACj4GXkf\noVxSzteTJO97pSTmlwb+mOnDHLF0gEVOzs6nw5eGU5r87fYfrrQm6BKCQVozawB5\npbWAiWdq3Mdu2cMyd7HmV/kmaaIGpKCBSGOPXByAIrSgLppUKd1UprQjSvkfd4Lw\n/GcLb/sBAoGBAO2TxTFX4tKZYY0QL2BTZEczuvEQh9eCZYsOty+1lm8f49YAfKfk\nMKSrdXl21K29IUu0FPp+Q3O+I6kpzJKqk3KrTfMjAz5mfrEYrQdgYaLL/0BaaiOn\ny+3Hboh/IkT3v3Kh7VAsYI++ws2DoYLMP5AN72VqS5QS4FFGV6fuV3tBAoGBANqu\nYJnFGghWmGU6vOype5fIRpdIo2uCYYp/OwxQnBv0oxMLcNIiEGkofdzHNPoVkVVN\nsOHH0Dj0sQg9u4EAC8VVIaGQ7ZyWjoTe+/qZ0kvtfkLFRIbboO2lhUBSrw85Iyey\nQKuKZAi4yFexOyOkrW+MysGFx4e5ksQiPfrEgT+zAoGBAKzrkmrA0jqBI0y+TA1r\nhSCCGX4ejxEgOvKE6naSUAVgC8AWqKS25WTl22JmSJSQhWyJjX9paYUUDvawktLp\nztp2rwzaHiFMDsit8jrdPxN0MbxQUtLS7g6KyvwUtQfH35P7IjTpp/rYWQem2GbQ\nbS9XxThmrs3/E0B015ZGV2xBAoGBALTn3PJYpBiRyrCzzubZrmz6OaudY9PkoFy6\ntFaTuRFHaECxDjxIAdt8q+Kgyaq5fOlcxB+D9TWo92sh5qPpLdOpgZDvHCKWSoCR\nF1NRPS+i4PjLyMznlFIExB9aR4gIdJS6WdWPPwIYG2SwMYRjDzdg+bruuQoG8ute\niHeTaHkRAoGAJdDqHhPpCmLTklyo61+zUCI0R8OpFPuuDs7Dlt2ZmfCtIsng38Qu\ne3qObI0Wtfoi3ji8IQAaaefE/MCmHB6b5xp9lc82E5dHhWSTshh2LmKLO9jki7Bq\nlq5anv7SX4wsmGLsVFtqEZ/T5h7CqE5y0VzIiA5DOG6EODKhQ5fg54A=\n-----END RSA PRIVATE KEY-----\n",
            "private_key_pem_pkcs8": "-----BEGIN PRIVATE KEY-----\nMIIEvwIBADANBgkqhkiG9w0BAQEFAASCBKkwggSlAgEAAoIBAQDK8aoCKo8eclG7\nwTp7gceVhs6b8Eo4TWX+6WUAqhBNtMLWgWpMz91uHUxapcpRAIxaznrtPJ1MQNYB\nFz/fPJyazyJHimGXI3g0m/mQqU/CvuOdQ01Q7CaejZB/lUAT6S979Wo0d/qW5QHs\nFz9GK/IF/BOExAgg4bjvMAlNwMYP3D4XAfXcbMgn02B9RKL5599AmYGRb19SdVFU\n5rI8UomsTPcepfmgF4Hf0WAduZdL8ltXOjAEcZFy+mRUrjV5pJCjWjkbfDjxvEiA\n1s+OgS9c46CM4m5CV2HvOzKeEH8Wf8AFqP9fD7V8Z6I7J4yNztAD2SKYjwu6P55K\njQAOQS1zAgMBAAECggEBAMUv9t5P9+u/bEcgQvDKcuCIsau22IbIPXhn0qnIlDrM\njhvadyzXM/HQKeZR/Lij7bw1sB9eq//xZ3571qXTwN5ysH4OqTAvWJbVjrHOsR8q\nVwLw5+je689XAbXVkQNHqcmp9V2xzhxbu3hoRiSqgmjqOxTfXH6GlChj5kZULp4s\nyBzhJ/AGktmXPIlSZ4qKAaikeZUAKPgZeR+hXFLO15Mk73ulJOaXBv6Y6cMcsXSA\nRU7OzqfDl4ZTmvzt9h+utCboEoJBWjNrAHmltYCJZ2rcx27ZwzJ3seZX+SZpogak\noIFIY49cHIAitKAumlQp3VSmtCNK+R93gvD8Zwtv+wECgYEA7ZPFMVfi0plhjRAv\nYFNkRzO68RCH14Jliw63L7WWbx/j1gB8p+QwpKt1eXbUrb0hS7QU+n5Dc74jqSnM\nkqqTcqtN8yMDPmZ+sRitB2Bhosv/QFpqI6fL7cduiH8iRPe/cqHtUCxgj77CzYOh\ngsw/kA3vZWpLlBLgUUZXp+5Xe0ECgYEA2q5gmcUaCFaYZTq87Kl7l8hGl0ija4Jh\nin87DFCcG/SjEwtw0iIQaSh93Mc0+hWRVU2w4cfQOPSxCD27gQALxVUhoZDtnJaO\nhN77+pnSS+1+QsVEhtug7aWFQFKvDzkjJ7JAq4pkCLjIV7E7I6Stb4zKwYXHh7mS\nxCI9+sSBP7MCgYEArOuSasDSOoEjTL5MDWuFIIIZfh6PESA68oTqdpJQBWALwBao\npLblZOXbYmZIlJCFbImNf2lphRQO9rCS0unO2navDNoeIUwOyK3yOt0/E3QxvFBS\n0tLuDorK/BS1B8ffk/siNOmn+thZB6bYZtBtL1fFOGauzf8TQHTXlkZXbEECgYEA\ntOfc8likGJHKsLPO5tmubPo5q51j0+SgXLq0VpO5EUdoQLEOPEgB23yr4qDJqrl8\n6VzEH4P1Naj3ayHmo+kt06mBkO8cIpZKgJEXU1E9L6Lg+MvIzOeUUgTEH1pHiAh0\nlLpZ1Y8/AhgbZLAxhGMPN2D5uu65Cgby616Id5NoeRECgYAl0OoeE+kKYtOSXKjr\nX7NQIjRHw6kU+64OzsOW3ZmZ8K0iyeDfxC57eo5sjRa1+iLeOLwhABpp58T8wKYc\nHpvnGn2VzzYTl0eFZJOyGHYuYos72OSLsGqWrlqe/tJfjCyYYuxUW2oRn9PmHsKo\nTnLRXMiIDkM4boQ4MqFDl+DngA==\n-----END PRIVATE KEY-----\n",
            "public_key_fingerprint_md5": "5f:b4:e8:07:23:ef:d0:0a:23:a3:0c:c1:b4:a4:d1:7f",
            "public_key_fingerprint_sha256": "SHA256:xJv72sa5GfXVZ9/NYV0BriYeMRJzVFmxwGpuuTdBxEs",
            "public_key_openssh": "ssh-rsa AAAAB3NzaC1yc2EAAAADAQABAAABAQDK8aoCKo8eclG7wTp7gceVhs6b8Eo4TWX+6WUAqhBNtMLWgWpMz91uHUxapcpRAIxaznrtPJ1MQNYBFz/fPJyazyJHimGXI3g0m/mQqU/CvuOdQ01Q7CaejZB/lUAT6S979Wo0d/qW5QHsFz9GK/IF/BOExAgg4bjvMAlNwMYP3D4XAfXcbMgn02B9RKL5599AmYGRb19SdVFU5rI8UomsTPcepfmgF4Hf0WAduZdL8ltXOjAEcZFy+mRUrjV5pJCjWjkbfDjxvEiA1s+OgS9c46CM4m5CV2HvOzKeEH8Wf8AFqP9fD7V8Z6I7J4yNztAD2SKYjwu6P55KjQAOQS1z\n",
            "public_key_pem": "-----BEGIN PUBLIC KEY-----\nMIIBIjANBgkqhkiG9w0BAQEFAAOCAQ8AMIIBCgKCAQEAyvGqAiqPHnJRu8E6e4HH\nlYbOm/BKOE1l/ullAKoQTbTC1oFqTM/dbh1MWqXKUQCMWs567TydTEDWARc/3zyc\nms8iR4phlyN4NJv5kKlPwr7jnUNNUOwmno2Qf5VAE+kve/VqNHf6luUB7Bc/Rivy\nBfwThMQIIOG47zAJTcDGD9w+FwH13GzIJ9NgfUSi+effQJmBkW9fUnVRVOayPFKJ\nrEz3HqX5oBeB39FgHbmXS/JbVzowBHGRcvpkVK41eaSQo1o5G3w48bxIgNbPjoEv\nXOOgjOJuQldh7zsynhB/Fn/ABaj/Xw+1fGeiOyeMjc7QA9kimI8Luj+eSo0ADkEt\ncwIDAQAB\n-----END PUBLIC KEY-----\n",
            "rsa_bits": 2048
          },
          "sensitive_attributes": [
            [
              {
                "type": "get_attr",
                "value": "private_key_pem"
              }
            ],
            [
              {
                "type": "get_attr",
                "value": "private_key_openssh"
              }
            ],
            [
              {
                "type": "get_attr",
                "value": "private_key_pem_pkcs8"
              }
            ]
          ]
        }
      ]
    },
    {
      "module": "module.rds",
      "mode": "managed",
      "type": "aws_db_instance",
      "name": "this",
      "provider": "provider[\"registry.terraform.io/hashicorp/aws\"]",
      "instances": [
        {
          "schema_version": 2,
          "attributes": {
            "address": "terraform-20241213010841963400000002.c96mawou4kzy.us-east-1.rds.amazonaws.com",
            "allocated_storage": 20,
            "allow_major_version_upgrade": null,
            "apply_immediately": false,
            "arn": "arn:aws:rds:us-east-1:637423167300:db:terraform-20241213010841963400000002",
            "auto_minor_version_upgrade": true,
            "availability_zone": "us-east-1b",
            "backup_retention_period": 0,
            "backup_target": "region",
            "backup_window": "03:02-03:32",
            "blue_green_update": [],
            "ca_cert_identifier": "rds-ca-rsa2048-g1",
            "character_set_name": "",
            "copy_tags_to_snapshot": false,
            "custom_iam_instance_profile": "",
            "customer_owned_ip_enabled": false,
            "db_name": "opensid_db",
            "db_subnet_group_name": "opensid2-db-subnet-group",
            "dedicated_log_volume": false,
            "delete_automated_backups": true,
            "deletion_protection": false,
            "domain": "",
            "domain_auth_secret_arn": "",
            "domain_dns_ips": [],
            "domain_fqdn": "",
            "domain_iam_role_name": "",
            "domain_ou": "",
            "enabled_cloudwatch_logs_exports": [],
            "endpoint": "terraform-20241213010841963400000002.c96mawou4kzy.us-east-1.rds.amazonaws.com:3306",
            "engine": "mysql",
            "engine_lifecycle_support": "open-source-rds-extended-support",
            "engine_version": "8.0",
            "engine_version_actual": "8.0.39",
            "final_snapshot_identifier": null,
            "hosted_zone_id": "Z2R2ITUGPM61AM",
            "iam_database_authentication_enabled": false,
            "id": "db-TAZ37ZB6W3JZJRYKV6G6UNVULU",
            "identifier": "terraform-20241213010841963400000002",
            "identifier_prefix": "terraform-",
            "instance_class": "db.t3.micro",
            "iops": 0,
            "kms_key_id": "",
            "latest_restorable_time": "",
            "license_model": "general-public-license",
            "listener_endpoint": [],
            "maintenance_window": "sun:07:28-sun:07:58",
            "manage_master_user_password": null,
            "master_user_secret": [],
            "master_user_secret_kms_key_id": null,
            "max_allocated_storage": 0,
            "monitoring_interval": 0,
            "monitoring_role_arn": "",
            "multi_az": false,
            "nchar_character_set_name": "",
            "network_type": "IPV4",
            "option_group_name": "default:mysql-8-0",
            "parameter_group_name": "default.mysql8.0",
            "password": "securepassword123",
            "performance_insights_enabled": false,
            "performance_insights_kms_key_id": "",
            "performance_insights_retention_period": 0,
            "port": 3306,
            "publicly_accessible": false,
            "replica_mode": "",
            "replicas": [],
            "replicate_source_db": "",
            "resource_id": "db-TAZ37ZB6W3JZJRYKV6G6UNVULU",
            "restore_to_point_in_time": [],
            "s3_import": [],
            "skip_final_snapshot": false,
            "snapshot_identifier": null,
            "status": "available",
            "storage_encrypted": false,
            "storage_throughput": 0,
            "storage_type": "gp2",
            "tags": {},
            "tags_all": {},
            "timeouts": null,
            "timezone": "",
            "upgrade_storage_config": null,
            "username": "admin",
            "vpc_security_group_ids": [
              "sg-066a1a05cb78f268e"
            ]
          },
          "sensitive_attributes": [
            [
              {
                "type": "get_attr",
                "value": "password"
              }
            ]
          ],
          "private": "eyJlMmJmYjczMC1lY2FhLTExZTYtOGY4OC0zNDM2M2JjN2M0YzAiOnsiY3JlYXRlIjoyNDAwMDAwMDAwMDAwLCJkZWxldGUiOjM2MDAwMDAwMDAwMDAsInVwZGF0ZSI6NDgwMDAwMDAwMDAwMH0sInNjaGVtYV92ZXJzaW9uIjoiMiJ9",
          "dependencies": [
            "aws_security_group.default",
            "module.rds.aws_db_subnet_group.this",
            "module.vpc.aws_subnet.private",
            "module.vpc.aws_vpc.this",
            "module.vpc.data.aws_availability_zones.available"
          ]
        }
      ]
    },
    {
      "module": "module.rds",
      "mode": "managed",
      "type": "aws_db_subnet_group",
      "name": "this",
      "provider": "provider[\"registry.terraform.io/hashicorp/aws\"]",
      "instances": [
        {
          "schema_version": 0,
          "attributes": {
            "arn": "arn:aws:rds:us-east-1:637423167300:subgrp:opensid2-db-subnet-group",
            "description": "Managed by Terraform",
            "id": "opensid2-db-subnet-group",
            "name": "opensid2-db-subnet-group",
            "name_prefix": "",
            "subnet_ids": [
              "subnet-07ed6113a6f8f51e9",
              "subnet-0d0ecea5dc463ecb7"
            ],
            "supported_network_types": [
              "IPV4"
            ],
            "tags": {
              "Name": "opensid2-db-subnet-group"
            },
            "tags_all": {
              "Name": "opensid2-db-subnet-group"
            },
            "vpc_id": "vpc-0e68723a888e08b42"
          },
          "sensitive_attributes": [],
          "private": "bnVsbA==",
          "dependencies": [
            "module.vpc.aws_subnet.private",
            "module.vpc.aws_vpc.this",
            "module.vpc.data.aws_availability_zones.available"
          ]
        }
      ]
    },
    {
      "module": "module.s3",
      "mode": "managed",
      "type": "aws_s3_bucket",
      "name": "this",
      "provider": "provider[\"registry.terraform.io/hashicorp/aws\"]",
      "instances": [
        {
          "schema_version": 0,
          "attributes": {
            "acceleration_status": "",
            "acl": "private",
            "arn": "arn:aws:s3:::testoa-peaceful-squid",
            "bucket": "testoa-peaceful-squid",
            "bucket_domain_name": "testoa-peaceful-squid.s3.amazonaws.com",
            "bucket_prefix": "",
            "bucket_regional_domain_name": "testoa-peaceful-squid.s3.us-east-1.amazonaws.com",
            "cors_rule": [],
            "force_destroy": false,
            "grant": [
              {
                "id": "8f0b1561bf9397da442162b8858c0305fdd62ced4356cb5f28ef5ab7d1c9b22d",
                "permissions": [
                  "FULL_CONTROL"
                ],
                "type": "CanonicalUser",
                "uri": ""
              }
            ],
            "hosted_zone_id": "Z3AQBSTGFYJSTF",
            "id": "testoa-peaceful-squid",
            "lifecycle_rule": [],
            "logging": [],
            "object_lock_configuration": [],
            "object_lock_enabled": false,
            "policy": "",
            "region": "us-east-1",
            "replication_configuration": [],
            "request_payer": "BucketOwner",
            "server_side_encryption_configuration": [
              {
                "rule": [
                  {
                    "apply_server_side_encryption_by_default": [
                      {
                        "kms_master_key_id": "",
                        "sse_algorithm": "AES256"
                      }
                    ],
                    "bucket_key_enabled": false
                  }
                ]
              }
            ],
            "tags": {
              "Name": "testoa-peaceful-squid"
            },
            "tags_all": {
              "Name": "testoa-peaceful-squid"
            },
            "timeouts": null,
            "versioning": [
              {
                "enabled": false,
                "mfa_delete": false
              }
            ],
            "website": [],
            "website_domain": null,
            "website_endpoint": null
          },
          "sensitive_attributes": [],
          "private": "eyJlMmJmYjczMC1lY2FhLTExZTYtOGY4OC0zNDM2M2JjN2M0YzAiOnsiY3JlYXRlIjoxMjAwMDAwMDAwMDAwLCJkZWxldGUiOjM2MDAwMDAwMDAwMDAsInJlYWQiOjEyMDAwMDAwMDAwMDAsInVwZGF0ZSI6MTIwMDAwMDAwMDAwMH19",
          "dependencies": [
            "module.s3.random_pet.unique_suffix"
          ]
        }
      ]
    },
    {
      "module": "module.s3",
      "mode": "managed",
      "type": "random_pet",
      "name": "unique_suffix",
      "provider": "provider[\"registry.terraform.io/hashicorp/random\"]",
      "instances": [
        {
          "schema_version": 0,
          "attributes": {
            "id": "peaceful-squid",
            "keepers": null,
            "length": 2,
            "prefix": null,
            "separator": "-"
          },
          "sensitive_attributes": []
        }
      ]
    },
    {
      "module": "module.vpc",
      "mode": "data",
      "type": "aws_availability_zones",
      "name": "available",
      "provider": "provider[\"registry.terraform.io/hashicorp/aws\"]",
      "instances": [
        {
          "schema_version": 0,
          "attributes": {
            "all_availability_zones": null,
            "exclude_names": null,
            "exclude_zone_ids": null,
            "filter": null,
            "group_names": [
              "us-east-1"
            ],
            "id": "us-east-1",
            "names": [
              "us-east-1a",
              "us-east-1b",
              "us-east-1c",
              "us-east-1d",
              "us-east-1e",
              "us-east-1f"
            ],
            "state": null,
            "timeouts": null,
            "zone_ids": [
              "use1-az2",
              "use1-az4",
              "use1-az6",
              "use1-az1",
              "use1-az3",
              "use1-az5"
            ]
          },
          "sensitive_attributes": []
        }
      ]
    },
    {
      "module": "module.vpc",
      "mode": "managed",
      "type": "aws_subnet",
      "name": "private",
      "provider": "provider[\"registry.terraform.io/hashicorp/aws\"]",
      "instances": [
        {
          "index_key": 0,
          "schema_version": 1,
          "attributes": {
            "arn": "arn:aws:ec2:us-east-1:637423167300:subnet/subnet-0d0ecea5dc463ecb7",
            "assign_ipv6_address_on_creation": false,
            "availability_zone": "us-east-1a",
            "availability_zone_id": "use1-az2",
            "cidr_block": "10.0.1.0/24",
            "customer_owned_ipv4_pool": "",
            "enable_dns64": false,
            "enable_lni_at_device_index": 0,
            "enable_resource_name_dns_a_record_on_launch": false,
            "enable_resource_name_dns_aaaa_record_on_launch": false,
            "id": "subnet-0d0ecea5dc463ecb7",
            "ipv6_cidr_block": "",
            "ipv6_cidr_block_association_id": "",
            "ipv6_native": false,
            "map_customer_owned_ip_on_launch": false,
            "map_public_ip_on_launch": false,
            "outpost_arn": "",
            "owner_id": "637423167300",
            "private_dns_hostname_type_on_launch": "ip-name",
            "tags": {
              "Name": "opensid2-private-subnet-0"
            },
            "tags_all": {
              "Name": "opensid2-private-subnet-0"
            },
            "timeouts": null,
            "vpc_id": "vpc-0e68723a888e08b42"
          },
          "sensitive_attributes": [],
          "private": "eyJlMmJmYjczMC1lY2FhLTExZTYtOGY4OC0zNDM2M2JjN2M0YzAiOnsiY3JlYXRlIjo2MDAwMDAwMDAwMDAsImRlbGV0ZSI6MTIwMDAwMDAwMDAwMH0sInNjaGVtYV92ZXJzaW9uIjoiMSJ9",
          "dependencies": [
            "module.vpc.aws_vpc.this",
            "module.vpc.data.aws_availability_zones.available"
          ]
        },
        {
          "index_key": 1,
          "schema_version": 1,
          "attributes": {
            "arn": "arn:aws:ec2:us-east-1:637423167300:subnet/subnet-07ed6113a6f8f51e9",
            "assign_ipv6_address_on_creation": false,
            "availability_zone": "us-east-1b",
            "availability_zone_id": "use1-az4",
            "cidr_block": "10.0.2.0/24",
            "customer_owned_ipv4_pool": "",
            "enable_dns64": false,
            "enable_lni_at_device_index": 0,
            "enable_resource_name_dns_a_record_on_launch": false,
            "enable_resource_name_dns_aaaa_record_on_launch": false,
            "id": "subnet-07ed6113a6f8f51e9",
            "ipv6_cidr_block": "",
            "ipv6_cidr_block_association_id": "",
            "ipv6_native": false,
            "map_customer_owned_ip_on_launch": false,
            "map_public_ip_on_launch": false,
            "outpost_arn": "",
            "owner_id": "637423167300",
            "private_dns_hostname_type_on_launch": "ip-name",
            "tags": {
              "Name": "opensid2-private-subnet-1"
            },
            "tags_all": {
              "Name": "opensid2-private-subnet-1"
            },
            "timeouts": null,
            "vpc_id": "vpc-0e68723a888e08b42"
          },
          "sensitive_attributes": [],
          "private": "eyJlMmJmYjczMC1lY2FhLTExZTYtOGY4OC0zNDM2M2JjN2M0YzAiOnsiY3JlYXRlIjo2MDAwMDAwMDAwMDAsImRlbGV0ZSI6MTIwMDAwMDAwMDAwMH0sInNjaGVtYV92ZXJzaW9uIjoiMSJ9",
          "dependencies": [
            "module.vpc.aws_vpc.this",
            "module.vpc.data.aws_availability_zones.available"
          ]
        }
      ]
    },
    {
      "module": "module.vpc",
      "mode": "managed",
      "type": "aws_vpc",
      "name": "this",
      "provider": "provider[\"registry.terraform.io/hashicorp/aws\"]",
      "instances": [
        {
          "schema_version": 1,
          "attributes": {
            "arn": "arn:aws:ec2:us-east-1:637423167300:vpc/vpc-0e68723a888e08b42",
            "assign_generated_ipv6_cidr_block": false,
            "cidr_block": "10.0.0.0/16",
            "default_network_acl_id": "acl-04c144da636c0478b",
            "default_route_table_id": "rtb-066ba096ff7385703",
            "default_security_group_id": "sg-04bb5645dc8212a05",
            "dhcp_options_id": "dopt-032e05739761d9b22",
            "enable_dns_hostnames": true,
            "enable_dns_support": true,
            "enable_network_address_usage_metrics": false,
            "id": "vpc-0e68723a888e08b42",
            "instance_tenancy": "default",
            "ipv4_ipam_pool_id": null,
            "ipv4_netmask_length": null,
            "ipv6_association_id": "",
            "ipv6_cidr_block": "",
            "ipv6_cidr_block_network_border_group": "",
            "ipv6_ipam_pool_id": "",
            "ipv6_netmask_length": 0,
            "main_route_table_id": "rtb-066ba096ff7385703",
            "owner_id": "637423167300",
            "tags": {
              "Name": "opensid2-vpc"
            },
            "tags_all": {
              "Name": "opensid2-vpc"
            }
          },
          "sensitive_attributes": [],
          "private": "eyJzY2hlbWFfdmVyc2lvbiI6IjEifQ=="
        }
      ]
    }
  ],
  "check_results": null
}
