{
  "version": 4,
  "terraform_version": "1.9.8",
  "serial": 47,
  "lineage": "436d995f-9520-5b5e-e34e-3ea28ca73309",
  "outputs": {
    "private_key": {
      "value": "opensid-key",
      "type": "string",
      "sensitive": true
    },
    "private_subnets": {
      "value": [
        "subnet-0d0ecea5dc463ecb7",
        "subnet-07ed6113a6f8f51e9"
      ],
      "type": [
        "tuple",
        [
          "string",
          "string"
        ]
      ]
    },
    "rds_endpoint": {
      "value": "terraform-20241213010841963400000002.c96mawou4kzy.us-east-1.rds.amazonaws.com:3306",
      "type": "string"
    },
    "vpc_id": {
      "value": "vpc-0e68723a888e08b42",
      "type": "string"
    }
  },
  "resources": [
    {
      "mode": "managed",
      "type": "aws_key_pair",
      "name": "generated_key",
      "provider": "provider[\"registry.terraform.io/hashicorp/aws\"]",
      "instances": [
        {
          "schema_version": 1,
          "attributes": {
            "arn": "arn:aws:ec2:us-east-1:637423167300:key-pair/opensid-key",
            "fingerprint": "c8:2d:4e:7f:23:0f:42:25:50:17:df:f4:09:bc:bd:38",
            "id": "opensid-key",
            "key_name": "opensid-key",
            "key_name_prefix": "",
            "key_pair_id": "key-0019b1057d360f697",
            "key_type": "rsa",
            "public_key": "ssh-rsa AAAAB3NzaC1yc2EAAAADAQABAAABAQDhMeL/rxO2Anr2TY5uf9I3QDbvLmgrrtOUwfKmVh0gfFYGdo6QyoLQu7o7568ITkegYMLaVAkl9Puc8NLsuSrjoeOIb76MXyFy2r986HkCF2wPKsM83TsEumaAODdId+ensio2fdXCl/+IaFMnfeTX523MZSn1q4aXcE00rUXoiYiUSWfQ8bHOu1zSJghp21corI8r4tlBIfA9eQdk8GwsrEC+5Bz17FbffDV2xQfgHn7/ogKyExw04lHgZ5joWvd7yoXj67pNg9Mj3uR7ALl0XfOnI+KmpzmQW8BzZJTnALLbqcCfOZPbd8g81z8UYyhFPV8X0bWkqgA36oDUiI1x",
            "tags": null,
            "tags_all": {}
          },
          "sensitive_attributes": [],
          "private": "eyJzY2hlbWFfdmVyc2lvbiI6IjEifQ==",
          "dependencies": [
            "tls_private_key.generated"
          ]
        }
      ]
    },
    {
      "mode": "managed",
      "type": "aws_security_group",
      "name": "default",
      "provider": "provider[\"registry.terraform.io/hashicorp/aws\"]",
      "instances": [
        {
          "schema_version": 1,
          "attributes": {
            "arn": "arn:aws:ec2:us-east-1:637423167300:security-group/sg-066a1a05cb78f268e",
            "description": "Default security group",
            "egress": [
              {
                "cidr_blocks": [
                  "0.0.0.0/0"
                ],
                "description": "",
                "from_port": 0,
                "ipv6_cidr_blocks": [],
                "prefix_list_ids": [],
                "protocol": "tcp",
                "security_groups": [],
                "self": false,
                "to_port": 65535
              }
            ],
            "id": "sg-066a1a05cb78f268e",
            "ingress": [
              {
                "cidr_blocks": [
                  "0.0.0.0/0"
                ],
                "description": "",
                "from_port": 0,
                "ipv6_cidr_blocks": [],
                "prefix_list_ids": [],
                "protocol": "tcp",
                "security_groups": [],
                "self": false,
                "to_port": 65535
              }
            ],
            "name": "opensid2-sg20241213010830475300000001",
            "name_prefix": "opensid2-sg",
            "owner_id": "637423167300",
            "revoke_rules_on_delete": false,
            "tags": {},
            "tags_all": {},
            "timeouts": null,
            "vpc_id": "vpc-0e68723a888e08b42"
          },
          "sensitive_attributes": [],
          "private": "eyJlMmJmYjczMC1lY2FhLTExZTYtOGY4OC0zNDM2M2JjN2M0YzAiOnsiY3JlYXRlIjo2MDAwMDAwMDAwMDAsImRlbGV0ZSI6OTAwMDAwMDAwMDAwfSwic2NoZW1hX3ZlcnNpb24iOiIxIn0=",
          "dependencies": [
            "module.vpc.aws_vpc.this"
          ]
        }
      ]
    },
    {
      "mode": "managed",
      "type": "local_file",
      "name": "private_key",
      "provider": "provider[\"registry.terraform.io/hashicorp/local\"]",
      "instances": [
        {
          "schema_version": 0,
          "attributes": {
            "content": "-----BEGIN RSA PRIVATE KEY-----\nMIIEpQIBAAKCAQEA4THi/68TtgJ69k2Obn/SN0A27y5oK67TlMHyplYdIHxWBnaO\nkMqC0Lu6O+evCE5HoGDC2lQJJfT7nPDS7Lkq46HjiG++jF8hctq/fOh5AhdsDyrD\nPN07BLpmgDg3SHfnp7IqNn3Vwpf/iGhTJ33k1+dtzGUp9auGl3BNNK1F6ImIlEln\n0PGxzrtc0iYIadtXKKyPK+LZQSHwPXkHZPBsLKxAvuQc9exW33w1dsUH4B5+/6IC\nshMcNOJR4GeY6Fr3e8qF4+u6TYPTI97kewC5dF3zpyPipqc5kFvAc2SU5wCy26nA\nnzmT23fIPNc/FGMoRT1fF9G1pKoAN+qA1IiNcQIDAQABAoIBAFYCnse3T9j5k4tV\nTexIZ7rwjMrHt8PPb0Jm3U3IoDFTK+wmBgepQVOGD/hnYgPTGipYKrQG2sOjkSJ9\nHKKLiqUMpQHsZCPrBbR/dhm4FNfGqGAWniE2Ah+pLhMU5ZCJM3JqaxMK9sTvFws7\nhV8VB32rB9XEYcVSMQLQQry23XeVsFZ7chMq/VFIhYaua/qQCrxVc3KhqzgPeMau\n5BAqMbdtmYM0zxEAjGCrg1DGDd1z4zmhC39PPc5PeR0ctnK31Dnb/xG7cLCU0ASx\nB9yrPRQ4O1fP4BSAprInRFhAXZEEOzPOo04fXJY17z5IDXfIAlN1UMEcwpSIYOd7\nzEq84MECgYEA4i+Qv7ryOmGPMzTxWtxilYXx/NgrTA3ABo187dZ+7J8b41Xbx/wL\nOTsyMNnpUYs/murty5IXrqBVKS3Rh5qAaLqjtDcr3L6P3ybUWAAh8BL961tIkE5f\n78GPxi8+e3CPySFdQs8jRaMdJRqVTd8mzwVqkEf/3vnZqwhu+0r2r+kCgYEA/uDi\nF4wU9ZkcV8SU2+8FB/7qeoRYwY6foEtsRpD3hKumQx4qUITXhMgyyB1+YaTm5vhM\nyQD3IaMFLBZLSjmXMNxVZR1WOSIzYxKJ3Ou/hjkeAmJtGltMW+mCy8m4duff03Zk\nGu1m65T/fJr1FiP3ltqY3jB2a3DoOsJugSoyxEkCgYEAi5Rk1BzOvH5V+3ixdKvJ\n3pHhKnJQDcfyd1i6/p6+htENSbZDQd9lIbVJHOJs3Fh9MOHHSzfli2sAAsB2rCMJ\nGRgMS/s8AyZJ7KCuq3uxddCSh7o2Rm9HPtKJIfknqs9ku+7t+XuQPboSE0KbXonW\nDi0+fLkhyn0O+T/kFQlGwHkCgYEAxFkL86Xnk5gDHJ4FKzUEBDfd/Mot8dZkpEDW\nRbpx49Oz/qqjYGol+VWcwUrvTFuTwcTwqjxDJbeHSYJXN/QLxAlJA99IyDTPr3fd\nmsJGRimEM8QNVquUtI28RC+/GmLgq+/diFzw13VuKFjbi9Xja2Q1NZ3R7E0LqhCU\nvo56k3kCgYEAnm+Gqn34scoGbf8XLEHEj/1FoCPuIkUGoNYS7lj2Yi0+9wnbVYqS\n+rwfI0UACu2XD0nllh17RqvWcMkZcuj7EfZjmbtj1Hh/zmAFkU7QPW0iw9gmAxhU\n5CTctZO6/qdtwJViNTMFTwV37MQ3PSSsNXC1DtunyINklc7IOAXpdXY=\n-----END RSA PRIVATE KEY-----\n",
            "content_base64": null,
            "content_base64sha256": "xKDZ1D4hKxjUEC010LIVUdPXsavFKfgNDiXl+1/qdxU=",
            "content_base64sha512": "WCQBSljQhs3QJOLrYWL9YPDK9asFE7rZ+rG4xUGRqU0cW37ve89zGtvzsoKVfWIhyqfGKl7zg2wvjU4F9x028Q==",
            "content_md5": "c1af7659ed31f82ae5fa97bcc0d93306",
            "content_sha1": "d1193c3099a05eaf78f06d245ca4f2f3f9a21185",
            "content_sha256": "c4a0d9d43e212b18d4102d35d0b21551d3d7b1abc529f80d0e25e5fb5fea7715",
            "content_sha512": "5824014a58d086cdd024e2eb6162fd60f0caf5ab0513bad9fab1b8c54191a94d1c5b7eef7bcf731adbf3b282957d6221caa7c62a5ef3836c2f8d4e05f71d36f1",
            "directory_permission": "0777",
            "file_permission": "0777",
            "filename": "./keys/opensid-private-key.pem",
            "id": "d1193c3099a05eaf78f06d245ca4f2f3f9a21185",
            "sensitive_content": null,
            "source": null
          },
          "sensitive_attributes": [
            [
              {
                "type": "get_attr",
                "value": "sensitive_content"
              }
            ],
            [
              {
                "type": "get_attr",
                "value": "content"
              }
            ]
          ],
          "dependencies": [
            "tls_private_key.generated"
          ]
        }
      ]
    },
    {
      "mode": "managed",
      "type": "tls_private_key",
      "name": "generated",
      "provider": "provider[\"registry.terraform.io/hashicorp/tls\"]",
      "instances": [
        {
          "schema_version": 1,
          "attributes": {
            "algorithm": "RSA",
            "ecdsa_curve": "P224",
            "id": "daf7e4869a54860dcf5efacd0e362c4ceb5ec3c0",
            "private_key_openssh": "-----BEGIN OPENSSH PRIVATE KEY-----\nb3BlbnNzaC1rZXktdjEAAAAABG5vbmUAAAAEbm9uZQAAAAAAAAABAAABFwAAAAdz\nc2gtcnNhAAAAAwEAAQAAAQEA4THi/68TtgJ69k2Obn/SN0A27y5oK67TlMHyplYd\nIHxWBnaOkMqC0Lu6O+evCE5HoGDC2lQJJfT7nPDS7Lkq46HjiG++jF8hctq/fOh5\nAhdsDyrDPN07BLpmgDg3SHfnp7IqNn3Vwpf/iGhTJ33k1+dtzGUp9auGl3BNNK1F\n6ImIlEln0PGxzrtc0iYIadtXKKyPK+LZQSHwPXkHZPBsLKxAvuQc9exW33w1dsUH\n4B5+/6ICshMcNOJR4GeY6Fr3e8qF4+u6TYPTI97kewC5dF3zpyPipqc5kFvAc2SU\n5wCy26nAnzmT23fIPNc/FGMoRT1fF9G1pKoAN+qA1IiNcQAAA7jGso5BxrKOQQAA\nAAdzc2gtcnNhAAABAQDhMeL/rxO2Anr2TY5uf9I3QDbvLmgrrtOUwfKmVh0gfFYG\ndo6QyoLQu7o7568ITkegYMLaVAkl9Puc8NLsuSrjoeOIb76MXyFy2r986HkCF2wP\nKsM83TsEumaAODdId+ensio2fdXCl/+IaFMnfeTX523MZSn1q4aXcE00rUXoiYiU\nSWfQ8bHOu1zSJghp21corI8r4tlBIfA9eQdk8GwsrEC+5Bz17FbffDV2xQfgHn7/\nogKyExw04lHgZ5joWvd7yoXj67pNg9Mj3uR7ALl0XfOnI+KmpzmQW8BzZJTnALLb\nqcCfOZPbd8g81z8UYyhFPV8X0bWkqgA36oDUiI1xAAAAAwEAAQAAAQBWAp7Ht0/Y\n+ZOLVU3sSGe68IzKx7fDz29CZt1NyKAxUyvsJgYHqUFThg/4Z2ID0xoqWCq0BtrD\no5EifRyii4qlDKUB7GQj6wW0f3YZuBTXxqhgFp4hNgIfqS4TFOWQiTNyamsTCvbE\n7xcLO4VfFQd9qwfVxGHFUjEC0EK8tt13lbBWe3ITKv1RSIWGrmv6kAq8VXNyoas4\nD3jGruQQKjG3bZmDNM8RAIxgq4NQxg3dc+M5oQt/Tz3OT3kdHLZyt9Q52/8Ru3Cw\nlNAEsQfcqz0UODtXz+AUgKayJ0RYQF2RBDszzqNOH1yWNe8+SA13yAJTdVDBHMKU\niGDne8xKvODBAAAAgQCeb4aqffixygZt/xcsQcSP/UWgI+4iRQag1hLuWPZiLT73\nCdtVipL6vB8jRQAK7ZcPSeWWHXtGq9ZwyRly6PsR9mOZu2PUeH/OYAWRTtA9bSLD\n2CYDGFTkJNy1k7r+p23AlWI1MwVPBXfsxDc9JKw1cLUO26fIg2SVzsg4Bel1dgAA\nAIEA4i+Qv7ryOmGPMzTxWtxilYXx/NgrTA3ABo187dZ+7J8b41Xbx/wLOTsyMNnp\nUYs/murty5IXrqBVKS3Rh5qAaLqjtDcr3L6P3ybUWAAh8BL961tIkE5f78GPxi8+\ne3CPySFdQs8jRaMdJRqVTd8mzwVqkEf/3vnZqwhu+0r2r+kAAACBAP7g4heMFPWZ\nHFfElNvvBQf+6nqEWMGOn6BLbEaQ94SrpkMeKlCE14TIMsgdfmGk5ub4TMkA9yGj\nBSwWS0o5lzDcVWUdVjkiM2MSidzrv4Y5HgJibRpbTFvpgsvJuHbn39N2ZBrtZuuU\n/3ya9RYj95bamN4wdmtw6DrCboEqMsRJAAAAAAEC\n-----END OPENSSH PRIVATE KEY-----\n",
            "private_key_pem": "-----BEGIN RSA PRIVATE KEY-----\nMIIEpQIBAAKCAQEA4THi/68TtgJ69k2Obn/SN0A27y5oK67TlMHyplYdIHxWBnaO\nkMqC0Lu6O+evCE5HoGDC2lQJJfT7nPDS7Lkq46HjiG++jF8hctq/fOh5AhdsDyrD\nPN07BLpmgDg3SHfnp7IqNn3Vwpf/iGhTJ33k1+dtzGUp9auGl3BNNK1F6ImIlEln\n0PGxzrtc0iYIadtXKKyPK+LZQSHwPXkHZPBsLKxAvuQc9exW33w1dsUH4B5+/6IC\nshMcNOJR4GeY6Fr3e8qF4+u6TYPTI97kewC5dF3zpyPipqc5kFvAc2SU5wCy26nA\nnzmT23fIPNc/FGMoRT1fF9G1pKoAN+qA1IiNcQIDAQABAoIBAFYCnse3T9j5k4tV\nTexIZ7rwjMrHt8PPb0Jm3U3IoDFTK+wmBgepQVOGD/hnYgPTGipYKrQG2sOjkSJ9\nHKKLiqUMpQHsZCPrBbR/dhm4FNfGqGAWniE2Ah+pLhMU5ZCJM3JqaxMK9sTvFws7\nhV8VB32rB9XEYcVSMQLQQry23XeVsFZ7chMq/VFIhYaua/qQCrxVc3KhqzgPeMau\n5BAqMbdtmYM0zxEAjGCrg1DGDd1z4zmhC39PPc5PeR0ctnK31Dnb/xG7cLCU0ASx\nB9yrPRQ4O1fP4BSAprInRFhAXZEEOzPOo04fXJY17z5IDXfIAlN1UMEcwpSIYOd7\nzEq84MECgYEA4i+Qv7ryOmGPMzTxWtxilYXx/NgrTA3ABo187dZ+7J8b41Xbx/wL\nOTsyMNnpUYs/murty5IXrqBVKS3Rh5qAaLqjtDcr3L6P3ybUWAAh8BL961tIkE5f\n78GPxi8+e3CPySFdQs8jRaMdJRqVTd8mzwVqkEf/3vnZqwhu+0r2r+kCgYEA/uDi\nF4wU9ZkcV8SU2+8FB/7qeoRYwY6foEtsRpD3hKumQx4qUITXhMgyyB1+YaTm5vhM\nyQD3IaMFLBZLSjmXMNxVZR1WOSIzYxKJ3Ou/hjkeAmJtGltMW+mCy8m4duff03Zk\nGu1m65T/fJr1FiP3ltqY3jB2a3DoOsJugSoyxEkCgYEAi5Rk1BzOvH5V+3ixdKvJ\n3pHhKnJQDcfyd1i6/p6+htENSbZDQd9lIbVJHOJs3Fh9MOHHSzfli2sAAsB2rCMJ\nGRgMS/s8AyZJ7KCuq3uxddCSh7o2Rm9HPtKJIfknqs9ku+7t+XuQPboSE0KbXonW\nDi0+fLkhyn0O+T/kFQlGwHkCgYEAxFkL86Xnk5gDHJ4FKzUEBDfd/Mot8dZkpEDW\nRbpx49Oz/qqjYGol+VWcwUrvTFuTwcTwqjxDJbeHSYJXN/QLxAlJA99IyDTPr3fd\nmsJGRimEM8QNVquUtI28RC+/GmLgq+/diFzw13VuKFjbi9Xja2Q1NZ3R7E0LqhCU\nvo56k3kCgYEAnm+Gqn34scoGbf8XLEHEj/1FoCPuIkUGoNYS7lj2Yi0+9wnbVYqS\n+rwfI0UACu2XD0nllh17RqvWcMkZcuj7EfZjmbtj1Hh/zmAFkU7QPW0iw9gmAxhU\n5CTctZO6/qdtwJViNTMFTwV37MQ3PSSsNXC1DtunyINklc7IOAXpdXY=\n-----END RSA PRIVATE KEY-----\n",
            "private_key_pem_pkcs8": "-----BEGIN PRIVATE KEY-----\nMIIEvwIBADANBgkqhkiG9w0BAQEFAASCBKkwggSlAgEAAoIBAQDhMeL/rxO2Anr2\nTY5uf9I3QDbvLmgrrtOUwfKmVh0gfFYGdo6QyoLQu7o7568ITkegYMLaVAkl9Puc\n8NLsuSrjoeOIb76MXyFy2r986HkCF2wPKsM83TsEumaAODdId+ensio2fdXCl/+I\naFMnfeTX523MZSn1q4aXcE00rUXoiYiUSWfQ8bHOu1zSJghp21corI8r4tlBIfA9\neQdk8GwsrEC+5Bz17FbffDV2xQfgHn7/ogKyExw04lHgZ5joWvd7yoXj67pNg9Mj\n3uR7ALl0XfOnI+KmpzmQW8BzZJTnALLbqcCfOZPbd8g81z8UYyhFPV8X0bWkqgA3\n6oDUiI1xAgMBAAECggEAVgKex7dP2PmTi1VN7EhnuvCMyse3w89vQmbdTcigMVMr\n7CYGB6lBU4YP+GdiA9MaKlgqtAbaw6ORIn0coouKpQylAexkI+sFtH92GbgU18ao\nYBaeITYCH6kuExTlkIkzcmprEwr2xO8XCzuFXxUHfasH1cRhxVIxAtBCvLbdd5Ww\nVntyEyr9UUiFhq5r+pAKvFVzcqGrOA94xq7kECoxt22ZgzTPEQCMYKuDUMYN3XPj\nOaELf089zk95HRy2crfUOdv/EbtwsJTQBLEH3Ks9FDg7V8/gFICmsidEWEBdkQQ7\nM86jTh9cljXvPkgNd8gCU3VQwRzClIhg53vMSrzgwQKBgQDiL5C/uvI6YY8zNPFa\n3GKVhfH82CtMDcAGjXzt1n7snxvjVdvH/As5OzIw2elRiz+a6u3LkheuoFUpLdGH\nmoBouqO0Nyvcvo/fJtRYACHwEv3rW0iQTl/vwY/GLz57cI/JIV1CzyNFox0lGpVN\n3ybPBWqQR//e+dmrCG77Svav6QKBgQD+4OIXjBT1mRxXxJTb7wUH/up6hFjBjp+g\nS2xGkPeEq6ZDHipQhNeEyDLIHX5hpObm+EzJAPchowUsFktKOZcw3FVlHVY5IjNj\nEonc67+GOR4CYm0aW0xb6YLLybh259/TdmQa7WbrlP98mvUWI/eW2pjeMHZrcOg6\nwm6BKjLESQKBgQCLlGTUHM68flX7eLF0q8nekeEqclANx/J3WLr+nr6G0Q1JtkNB\n32UhtUkc4mzcWH0w4cdLN+WLawACwHasIwkZGAxL+zwDJknsoK6re7F10JKHujZG\nb0c+0okh+Seqz2S77u35e5A9uhITQpteidYOLT58uSHKfQ75P+QVCUbAeQKBgQDE\nWQvzpeeTmAMcngUrNQQEN938yi3x1mSkQNZFunHj07P+qqNgaiX5VZzBSu9MW5PB\nxPCqPEMlt4dJglc39AvECUkD30jINM+vd92awkZGKYQzxA1Wq5S0jbxEL78aYuCr\n792IXPDXdW4oWNuL1eNrZDU1ndHsTQuqEJS+jnqTeQKBgQCeb4aqffixygZt/xcs\nQcSP/UWgI+4iRQag1hLuWPZiLT73CdtVipL6vB8jRQAK7ZcPSeWWHXtGq9ZwyRly\n6PsR9mOZu2PUeH/OYAWRTtA9bSLD2CYDGFTkJNy1k7r+p23AlWI1MwVPBXfsxDc9\nJKw1cLUO26fIg2SVzsg4Bel1dg==\n-----END PRIVATE KEY-----\n",
            "public_key_fingerprint_md5": "b1:cc:f3:29:73:78:5f:70:18:8c:61:c4:03:88:05:0a",
            "public_key_fingerprint_sha256": "SHA256:NukplZxsIs+QPJtp1xDsYL6ypXDraaVyz3nNMuTA5hg",
            "public_key_openssh": "ssh-rsa AAAAB3NzaC1yc2EAAAADAQABAAABAQDhMeL/rxO2Anr2TY5uf9I3QDbvLmgrrtOUwfKmVh0gfFYGdo6QyoLQu7o7568ITkegYMLaVAkl9Puc8NLsuSrjoeOIb76MXyFy2r986HkCF2wPKsM83TsEumaAODdId+ensio2fdXCl/+IaFMnfeTX523MZSn1q4aXcE00rUXoiYiUSWfQ8bHOu1zSJghp21corI8r4tlBIfA9eQdk8GwsrEC+5Bz17FbffDV2xQfgHn7/ogKyExw04lHgZ5joWvd7yoXj67pNg9Mj3uR7ALl0XfOnI+KmpzmQW8BzZJTnALLbqcCfOZPbd8g81z8UYyhFPV8X0bWkqgA36oDUiI1x\n",
            "public_key_pem": "-----BEGIN PUBLIC KEY-----\nMIIBIjANBgkqhkiG9w0BAQEFAAOCAQ8AMIIBCgKCAQEA4THi/68TtgJ69k2Obn/S\nN0A27y5oK67TlMHyplYdIHxWBnaOkMqC0Lu6O+evCE5HoGDC2lQJJfT7nPDS7Lkq\n46HjiG++jF8hctq/fOh5AhdsDyrDPN07BLpmgDg3SHfnp7IqNn3Vwpf/iGhTJ33k\n1+dtzGUp9auGl3BNNK1F6ImIlEln0PGxzrtc0iYIadtXKKyPK+LZQSHwPXkHZPBs\nLKxAvuQc9exW33w1dsUH4B5+/6ICshMcNOJR4GeY6Fr3e8qF4+u6TYPTI97kewC5\ndF3zpyPipqc5kFvAc2SU5wCy26nAnzmT23fIPNc/FGMoRT1fF9G1pKoAN+qA1IiN\ncQIDAQAB\n-----END PUBLIC KEY-----\n",
            "rsa_bits": 2048
          },
          "sensitive_attributes": [
            [
              {
                "type": "get_attr",
                "value": "private_key_pem"
              }
            ],
            [
              {
                "type": "get_attr",
                "value": "private_key_openssh"
              }
            ],
            [
              {
                "type": "get_attr",
                "value": "private_key_pem_pkcs8"
              }
            ]
          ]
        }
      ]
    },
    {
      "module": "module.rds",
      "mode": "managed",
      "type": "aws_db_instance",
      "name": "this",
      "provider": "provider[\"registry.terraform.io/hashicorp/aws\"]",
      "instances": [
        {
          "schema_version": 2,
          "attributes": {
            "address": "terraform-20241213010841963400000002.c96mawou4kzy.us-east-1.rds.amazonaws.com",
            "allocated_storage": 20,
            "allow_major_version_upgrade": null,
            "apply_immediately": false,
            "arn": "arn:aws:rds:us-east-1:637423167300:db:terraform-20241213010841963400000002",
            "auto_minor_version_upgrade": true,
            "availability_zone": "us-east-1b",
            "backup_retention_period": 0,
            "backup_target": "region",
            "backup_window": "03:02-03:32",
            "blue_green_update": [],
            "ca_cert_identifier": "rds-ca-rsa2048-g1",
            "character_set_name": "",
            "copy_tags_to_snapshot": false,
            "custom_iam_instance_profile": "",
            "customer_owned_ip_enabled": false,
            "db_name": "opensid_db",
            "db_subnet_group_name": "opensid2-db-subnet-group",
            "dedicated_log_volume": false,
            "delete_automated_backups": true,
            "deletion_protection": false,
            "domain": "",
            "domain_auth_secret_arn": "",
            "domain_dns_ips": [],
            "domain_fqdn": "",
            "domain_iam_role_name": "",
            "domain_ou": "",
            "enabled_cloudwatch_logs_exports": [],
            "endpoint": "terraform-20241213010841963400000002.c96mawou4kzy.us-east-1.rds.amazonaws.com:3306",
            "engine": "mysql",
            "engine_lifecycle_support": "open-source-rds-extended-support",
            "engine_version": "8.0",
            "engine_version_actual": "8.0.39",
            "final_snapshot_identifier": null,
            "hosted_zone_id": "Z2R2ITUGPM61AM",
            "iam_database_authentication_enabled": false,
            "id": "db-TAZ37ZB6W3JZJRYKV6G6UNVULU",
            "identifier": "terraform-20241213010841963400000002",
            "identifier_prefix": "terraform-",
            "instance_class": "db.t3.micro",
            "iops": 0,
            "kms_key_id": "",
            "latest_restorable_time": "",
            "license_model": "general-public-license",
            "listener_endpoint": [],
            "maintenance_window": "sun:07:28-sun:07:58",
            "manage_master_user_password": null,
            "master_user_secret": [],
            "master_user_secret_kms_key_id": null,
            "max_allocated_storage": 0,
            "monitoring_interval": 0,
            "monitoring_role_arn": "",
            "multi_az": false,
            "nchar_character_set_name": "",
            "network_type": "IPV4",
            "option_group_name": "default:mysql-8-0",
            "parameter_group_name": "default.mysql8.0",
            "password": "securepassword123",
            "performance_insights_enabled": false,
            "performance_insights_kms_key_id": "",
            "performance_insights_retention_period": 0,
            "port": 3306,
            "publicly_accessible": false,
            "replica_mode": "",
            "replicas": [],
            "replicate_source_db": "",
            "resource_id": "db-TAZ37ZB6W3JZJRYKV6G6UNVULU",
            "restore_to_point_in_time": [],
            "s3_import": [],
            "skip_final_snapshot": false,
            "snapshot_identifier": null,
            "status": "available",
            "storage_encrypted": false,
            "storage_throughput": 0,
            "storage_type": "gp2",
            "tags": {},
            "tags_all": {},
            "timeouts": null,
            "timezone": "",
            "upgrade_storage_config": null,
            "username": "admin",
            "vpc_security_group_ids": [
              "sg-066a1a05cb78f268e"
            ]
          },
          "sensitive_attributes": [
            [
              {
                "type": "get_attr",
                "value": "password"
              }
            ]
          ],
          "private": "eyJlMmJmYjczMC1lY2FhLTExZTYtOGY4OC0zNDM2M2JjN2M0YzAiOnsiY3JlYXRlIjoyNDAwMDAwMDAwMDAwLCJkZWxldGUiOjM2MDAwMDAwMDAwMDAsInVwZGF0ZSI6NDgwMDAwMDAwMDAwMH0sInNjaGVtYV92ZXJzaW9uIjoiMiJ9",
          "dependencies": [
            "aws_security_group.default",
            "module.rds.aws_db_subnet_group.this",
            "module.vpc.aws_subnet.private",
            "module.vpc.aws_vpc.this",
            "module.vpc.data.aws_availability_zones.available"
          ]
        }
      ]
    },
    {
      "module": "module.rds",
      "mode": "managed",
      "type": "aws_db_subnet_group",
      "name": "this",
      "provider": "provider[\"registry.terraform.io/hashicorp/aws\"]",
      "instances": [
        {
          "schema_version": 0,
          "attributes": {
            "arn": "arn:aws:rds:us-east-1:637423167300:subgrp:opensid2-db-subnet-group",
            "description": "Managed by Terraform",
            "id": "opensid2-db-subnet-group",
            "name": "opensid2-db-subnet-group",
            "name_prefix": "",
            "subnet_ids": [
              "subnet-07ed6113a6f8f51e9",
              "subnet-0d0ecea5dc463ecb7"
            ],
            "supported_network_types": [
              "IPV4"
            ],
            "tags": {
              "Name": "opensid2-db-subnet-group"
            },
            "tags_all": {
              "Name": "opensid2-db-subnet-group"
            },
            "vpc_id": "vpc-0e68723a888e08b42"
          },
          "sensitive_attributes": [],
          "private": "bnVsbA==",
          "dependencies": [
            "module.vpc.aws_subnet.private",
            "module.vpc.aws_vpc.this",
            "module.vpc.data.aws_availability_zones.available"
          ]
        }
      ]
    },
    {
      "module": "module.s3",
      "mode": "managed",
      "type": "aws_s3_bucket",
      "name": "this",
      "provider": "provider[\"registry.terraform.io/hashicorp/aws\"]",
      "instances": [
        {
          "schema_version": 0,
          "attributes": {
            "acceleration_status": "",
            "acl": null,
            "arn": "arn:aws:s3:::opensidseal-peaceful-squid",
            "bucket": "opensidseal-peaceful-squid",
            "bucket_domain_name": "opensidseal-peaceful-squid.s3.amazonaws.com",
            "bucket_prefix": "",
            "bucket_regional_domain_name": "opensidseal-peaceful-squid.s3.us-east-1.amazonaws.com",
            "cors_rule": [],
            "force_destroy": false,
            "grant": [
              {
                "id": "8f0b1561bf9397da442162b8858c0305fdd62ced4356cb5f28ef5ab7d1c9b22d",
                "permissions": [
                  "FULL_CONTROL"
                ],
                "type": "CanonicalUser",
                "uri": ""
              }
            ],
            "hosted_zone_id": "Z3AQBSTGFYJSTF",
            "id": "opensidseal-peaceful-squid",
            "lifecycle_rule": [],
            "logging": [],
            "object_lock_configuration": [],
            "object_lock_enabled": false,
            "policy": "",
            "region": "us-east-1",
            "replication_configuration": [],
            "request_payer": "BucketOwner",
            "server_side_encryption_configuration": [
              {
                "rule": [
                  {
                    "apply_server_side_encryption_by_default": [
                      {
                        "kms_master_key_id": "",
                        "sse_algorithm": "AES256"
                      }
                    ],
                    "bucket_key_enabled": false
                  }
                ]
              }
            ],
            "tags": {
              "Name": "opensidseal-peaceful-squid"
            },
            "tags_all": {
              "Name": "opensidseal-peaceful-squid"
            },
            "timeouts": null,
            "versioning": [
              {
                "enabled": false,
                "mfa_delete": false
              }
            ],
            "website": [],
            "website_domain": null,
            "website_endpoint": null
          },
          "sensitive_attributes": [],
          "private": "eyJlMmJmYjczMC1lY2FhLTExZTYtOGY4OC0zNDM2M2JjN2M0YzAiOnsiY3JlYXRlIjoxMjAwMDAwMDAwMDAwLCJkZWxldGUiOjM2MDAwMDAwMDAwMDAsInJlYWQiOjEyMDAwMDAwMDAwMDAsInVwZGF0ZSI6MTIwMDAwMDAwMDAwMH19",
          "dependencies": [
            "module.s3.random_pet.unique_suffix"
          ]
        }
      ]
    },
    {
      "module": "module.s3",
      "mode": "managed",
      "type": "random_pet",
      "name": "unique_suffix",
      "provider": "provider[\"registry.terraform.io/hashicorp/random\"]",
      "instances": [
        {
          "schema_version": 0,
          "attributes": {
            "id": "peaceful-squid",
            "keepers": null,
            "length": 2,
            "prefix": null,
            "separator": "-"
          },
          "sensitive_attributes": []
        }
      ]
    },
    {
      "module": "module.vpc",
      "mode": "data",
      "type": "aws_availability_zones",
      "name": "available",
      "provider": "provider[\"registry.terraform.io/hashicorp/aws\"]",
      "instances": [
        {
          "schema_version": 0,
          "attributes": {
            "all_availability_zones": null,
            "exclude_names": null,
            "exclude_zone_ids": null,
            "filter": null,
            "group_names": [
              "us-east-1"
            ],
            "id": "us-east-1",
            "names": [
              "us-east-1a",
              "us-east-1b",
              "us-east-1c",
              "us-east-1d",
              "us-east-1e",
              "us-east-1f"
            ],
            "state": null,
            "timeouts": null,
            "zone_ids": [
              "use1-az2",
              "use1-az4",
              "use1-az6",
              "use1-az1",
              "use1-az3",
              "use1-az5"
            ]
          },
          "sensitive_attributes": []
        }
      ]
    },
    {
      "module": "module.vpc",
      "mode": "managed",
      "type": "aws_subnet",
      "name": "private",
      "provider": "provider[\"registry.terraform.io/hashicorp/aws\"]",
      "instances": [
        {
          "index_key": 0,
          "schema_version": 1,
          "attributes": {
            "arn": "arn:aws:ec2:us-east-1:637423167300:subnet/subnet-0d0ecea5dc463ecb7",
            "assign_ipv6_address_on_creation": false,
            "availability_zone": "us-east-1a",
            "availability_zone_id": "use1-az2",
            "cidr_block": "10.0.1.0/24",
            "customer_owned_ipv4_pool": "",
            "enable_dns64": false,
            "enable_lni_at_device_index": 0,
            "enable_resource_name_dns_a_record_on_launch": false,
            "enable_resource_name_dns_aaaa_record_on_launch": false,
            "id": "subnet-0d0ecea5dc463ecb7",
            "ipv6_cidr_block": "",
            "ipv6_cidr_block_association_id": "",
            "ipv6_native": false,
            "map_customer_owned_ip_on_launch": false,
            "map_public_ip_on_launch": false,
            "outpost_arn": "",
            "owner_id": "637423167300",
            "private_dns_hostname_type_on_launch": "ip-name",
            "tags": {
              "Name": "opensid2-private-subnet-0"
            },
            "tags_all": {
              "Name": "opensid2-private-subnet-0"
            },
            "timeouts": null,
            "vpc_id": "vpc-0e68723a888e08b42"
          },
          "sensitive_attributes": [],
          "private": "eyJlMmJmYjczMC1lY2FhLTExZTYtOGY4OC0zNDM2M2JjN2M0YzAiOnsiY3JlYXRlIjo2MDAwMDAwMDAwMDAsImRlbGV0ZSI6MTIwMDAwMDAwMDAwMH0sInNjaGVtYV92ZXJzaW9uIjoiMSJ9",
          "dependencies": [
            "module.vpc.aws_vpc.this",
            "module.vpc.data.aws_availability_zones.available"
          ]
        },
        {
          "index_key": 1,
          "schema_version": 1,
          "attributes": {
            "arn": "arn:aws:ec2:us-east-1:637423167300:subnet/subnet-07ed6113a6f8f51e9",
            "assign_ipv6_address_on_creation": false,
            "availability_zone": "us-east-1b",
            "availability_zone_id": "use1-az4",
            "cidr_block": "10.0.2.0/24",
            "customer_owned_ipv4_pool": "",
            "enable_dns64": false,
            "enable_lni_at_device_index": 0,
            "enable_resource_name_dns_a_record_on_launch": false,
            "enable_resource_name_dns_aaaa_record_on_launch": false,
            "id": "subnet-07ed6113a6f8f51e9",
            "ipv6_cidr_block": "",
            "ipv6_cidr_block_association_id": "",
            "ipv6_native": false,
            "map_customer_owned_ip_on_launch": false,
            "map_public_ip_on_launch": false,
            "outpost_arn": "",
            "owner_id": "637423167300",
            "private_dns_hostname_type_on_launch": "ip-name",
            "tags": {
              "Name": "opensid2-private-subnet-1"
            },
            "tags_all": {
              "Name": "opensid2-private-subnet-1"
            },
            "timeouts": null,
            "vpc_id": "vpc-0e68723a888e08b42"
          },
          "sensitive_attributes": [],
          "private": "eyJlMmJmYjczMC1lY2FhLTExZTYtOGY4OC0zNDM2M2JjN2M0YzAiOnsiY3JlYXRlIjo2MDAwMDAwMDAwMDAsImRlbGV0ZSI6MTIwMDAwMDAwMDAwMH0sInNjaGVtYV92ZXJzaW9uIjoiMSJ9",
          "dependencies": [
            "module.vpc.aws_vpc.this",
            "module.vpc.data.aws_availability_zones.available"
          ]
        }
      ]
    },
    {
      "module": "module.vpc",
      "mode": "managed",
      "type": "aws_vpc",
      "name": "this",
      "provider": "provider[\"registry.terraform.io/hashicorp/aws\"]",
      "instances": [
        {
          "schema_version": 1,
          "attributes": {
            "arn": "arn:aws:ec2:us-east-1:637423167300:vpc/vpc-0e68723a888e08b42",
            "assign_generated_ipv6_cidr_block": false,
            "cidr_block": "10.0.0.0/16",
            "default_network_acl_id": "acl-04c144da636c0478b",
            "default_route_table_id": "rtb-066ba096ff7385703",
            "default_security_group_id": "sg-04bb5645dc8212a05",
            "dhcp_options_id": "dopt-032e05739761d9b22",
            "enable_dns_hostnames": true,
            "enable_dns_support": true,
            "enable_network_address_usage_metrics": false,
            "id": "vpc-0e68723a888e08b42",
            "instance_tenancy": "default",
            "ipv4_ipam_pool_id": null,
            "ipv4_netmask_length": null,
            "ipv6_association_id": "",
            "ipv6_cidr_block": "",
            "ipv6_cidr_block_network_border_group": "",
            "ipv6_ipam_pool_id": "",
            "ipv6_netmask_length": 0,
            "main_route_table_id": "rtb-066ba096ff7385703",
            "owner_id": "637423167300",
            "tags": {
              "Name": "opensid2-vpc"
            },
            "tags_all": {
              "Name": "opensid2-vpc"
            }
          },
          "sensitive_attributes": [],
          "private": "eyJzY2hlbWFfdmVyc2lvbiI6IjEifQ=="
        }
      ]
    }
  ],
  "check_results": null
}
