{
  "version": 4,
  "terraform_version": "1.9.8",
  "serial": 72,
  "lineage": "de1055be-6498-fd27-337f-7386d69f587e",
  "outputs": {
    "autoscaling_group_name": {
      "value": "terraform-20241213082608613800000005",
      "type": "string"
    },
    "private_key": {
      "value": "opensid-key",
      "type": "string",
      "sensitive": true
    },
    "private_subnets": {
      "value": [
        "subnet-047cbd264585b2f3d",
        "subnet-0e44459324be954de"
      ],
      "type": [
        "tuple",
        [
          "string",
          "string"
        ]
      ]
    },
    "public_subnets": {
      "value": [
        "subnet-0d5d9723a744c69f2",
        "subnet-0b64c87b2049e3052"
      ],
      "type": [
        "tuple",
        [
          "string",
          "string"
        ]
      ]
    },
    "rds_endpoint": {
      "value": "terraform-20241213082601168100000002.ctekk0aesghb.us-east-1.rds.amazonaws.com:3306",
      "type": "string"
    },
    "security_group_id": {
      "value": "sg-0389475e5a3e16f0f",
      "type": "string"
    },
    "vpc_id": {
      "value": "vpc-07ef185eb89962e60",
      "type": "string"
    }
  },
  "resources": [
    {
      "mode": "managed",
      "type": "aws_key_pair",
      "name": "generated_key",
      "provider": "provider[\"registry.terraform.io/hashicorp/aws\"]",
      "instances": [
        {
          "schema_version": 1,
          "attributes": {
            "arn": "arn:aws:ec2:us-east-1:515151048175:key-pair/opensid-key",
            "fingerprint": "7b:96:80:2e:b5:5d:a8:a6:58:d6:1d:19:44:d1:cb:ed",
            "id": "opensid-key",
            "key_name": "opensid-key",
            "key_name_prefix": "",
            "key_pair_id": "key-06beba7d1b4d79549",
            "key_type": "rsa",
            "public_key": "ssh-rsa AAAAB3NzaC1yc2EAAAADAQABAAABAQDW3onZNIDW1WR1vAAECXpr53WUJfzZcMnOtsss+YkTnynWFV9KLA7ogOgruDWXlpemc7dzvb0PQdnYsJy1oTtOPkbbZ03tbgCAOIEK40srsQqanf7Li9REy2PfNeO1q27ep8bZgn+cBWkQymAM63FXIyh24WYFYfS5CakZ8OhsDSVvVfraUpU4nJei6bCmCC6Hu/HHES6fAjz2vl5oMAl8CfZh5PRk5Sm4NFV6wlQ2Jv5Ryo7eHgpLoIPiEv8JNAERDeSsZnbI2a+K3h6qYWm0omsPQAeYrBkXWQNJEsudkhfgRujP+uT50Icbbc4t0kNMxT7hK7BWxOGMonHUG1s9",
            "tags": null,
            "tags_all": {}
          },
          "sensitive_attributes": [],
          "private": "eyJzY2hlbWFfdmVyc2lvbiI6IjEifQ==",
          "dependencies": [
            "tls_private_key.generated"
          ]
        }
      ]
    },
    {
      "mode": "managed",
      "type": "aws_security_group",
      "name": "default",
      "provider": "provider[\"registry.terraform.io/hashicorp/aws\"]",
      "instances": [
        {
          "schema_version": 1,
          "attributes": {
            "arn": "arn:aws:ec2:us-east-1:515151048175:security-group/sg-0389475e5a3e16f0f",
            "description": "Default security group",
            "egress": [
              {
                "cidr_blocks": [
                  "0.0.0.0/0"
                ],
                "description": "",
                "from_port": 0,
                "ipv6_cidr_blocks": [],
                "prefix_list_ids": [],
                "protocol": "tcp",
                "security_groups": [],
                "self": false,
                "to_port": 65535
              }
            ],
            "id": "sg-0389475e5a3e16f0f",
            "ingress": [
              {
                "cidr_blocks": [
                  "0.0.0.0/0"
                ],
                "description": "",
                "from_port": 0,
                "ipv6_cidr_blocks": [],
                "prefix_list_ids": [],
                "protocol": "tcp",
                "security_groups": [],
                "self": false,
                "to_port": 65535
              }
            ],
            "name": "opensid-sg20241213082554965800000001",
            "name_prefix": "opensid-sg",
            "owner_id": "515151048175",
            "revoke_rules_on_delete": false,
            "tags": null,
            "tags_all": {},
            "timeouts": null,
            "vpc_id": "vpc-07ef185eb89962e60"
          },
          "sensitive_attributes": [],
          "private": "eyJlMmJmYjczMC1lY2FhLTExZTYtOGY4OC0zNDM2M2JjN2M0YzAiOnsiY3JlYXRlIjo2MDAwMDAwMDAwMDAsImRlbGV0ZSI6OTAwMDAwMDAwMDAwfSwic2NoZW1hX3ZlcnNpb24iOiIxIn0=",
          "dependencies": [
            "module.vpc.aws_vpc.this"
          ]
        }
      ]
    },
    {
      "mode": "managed",
      "type": "local_file",
      "name": "private_key",
      "provider": "provider[\"registry.terraform.io/hashicorp/local\"]",
      "instances": [
        {
          "schema_version": 0,
          "attributes": {
            "content": "-----BEGIN RSA PRIVATE KEY-----\nMIIEowIBAAKCAQEA1t6J2TSA1tVkdbwABAl6a+d1lCX82XDJzrbLLPmJE58p1hVf\nSiwO6IDoK7g1l5aXpnO3c729D0HZ2LCctaE7Tj5G22dN7W4AgDiBCuNLK7EKmp3+\ny4vURMtj3zXjtatu3qfG2YJ/nAVpEMpgDOtxVyModuFmBWH0uQmpGfDobA0lb1X6\n2lKVOJyXoumwpgguh7vxxxEunwI89r5eaDAJfAn2YeT0ZOUpuDRVesJUNib+UcqO\n3h4KS6CD4hL/CTQBEQ3krGZ2yNmvit4eqmFptKJrD0AHmKwZF1kDSRLLnZIX4Ebo\nz/rk+dCHG23OLdJDTMU+4SuwVsThjKJx1BtbPQIDAQABAoIBAEYHCygmC2N48p/I\nYLzwFdz694AMDWcUckETpA4JWZpygiEKoB69UzKFaKVvCNBZvRz7k6t+CBLj5ErR\n7JDpdjme5Fr3RRd/hVxEjhHtV/9qWMlherv923V8UBVcK9V2hNC+H3meJVbFEKPv\nQPSU+0Bp7fMorKZOcYKo2lrg/+7OlSFeJ3frzr0WZiK/ChHS6zPJLhbQqDPlf553\nr12tQ71ClIsKhPLAnMNQElPd8zsyQGLQcoAtiZTBoaKOXAgLYGO2IE+4PfXZSEIh\nMJGHuKGVzY/CGXA7QgESDsPdJZDpogrZpC8811l98yNjQ5iFzqa/Yv/oMPJ5OGIj\nJb02+YUCgYEA5mNCNf8WSF6SGNYaWciQL3yAoiI5smt1SlnjAB6Q+mhWTyssMtjV\n4UDJLoA+p0X/1pMol+6BBJ5U3YqKV3dWncWfuZ6PBwfsTO3GOPqCQbRTK4CvQcai\nDfvVpRr6b3r74r+LLKEYatp8NFX/Tmf/1kaSt+EuSURvOV+cB6tFc9MCgYEA7sGh\noduLOrTxqJR80iBfVGJ+feV1g8so5dxH7HfaqH+CG24zw6EclLUohEl76F9x/HnW\nYsAyrVDS/4xg1+ougEZUjgJE0h5BjwPpimVtAO/AlQgE+4kuunn+p04V8hYC8PXH\n41dratATv9wjtZQc6gbztsVduHIb/vuvoOrTWq8CgYA9cgWrrw/7VzWx6BB5F7PU\n5mjMVUJ8IorSvKx9UKmsD33NeZ89JHXOsN+3Rj7vkAzO5sqx0suYNr49pACHmW2B\ngL67290bq/JLBjOS6MUqzvRLqvOTIG4COsNdWJeoee2KKTnuOjzv6rurnbAM8lHa\njVH+NtGIevcLH0PXC8fnPwKBgEE/XWKUUupKRLhjS/FIs4SmHhddu822mYinuGgh\nIPpnTjEc3ryZrOveziHIyznny4jJ6xK1n6PJsL/xpw2ai/a2QalFaXVam2PwF8Sg\njzdwTdrshCARj1mauUMTjd/IsCkVofi5DTv1fVAzYvbecUBrgfLy4PflB02ZjpeV\nVQk1AoGBAM/ijHWEuA+98/iDNIjZX6yYqw/MD5AgYaEv4U8/56v2e9RHG8VEzr1j\nFMtuV67nMH17JxWqEmvFIxWv/aT5rMKrwun2kHxhFBiAw7QrCrqc4LT09c9Gw0ST\nbiPoBm5Xp8bZqCWrb7idWcKvffqXALoepiGkTKJHjWch5X6Ski1C\n-----END RSA PRIVATE KEY-----\n",
            "content_base64": null,
            "content_base64sha256": "WiLwvETD+YXKrT/hChylYlgKL3/SIcoX+MDLvanZxD4=",
            "content_base64sha512": "wGm4dPRZhGPpMu7vgv95v0I+PcWSxj3zCL14bPHwDq6WTtn4Ndl83E09yjUiO+O2H95nM7qfQ2YHAGVvscbIgw==",
            "content_md5": "bb5173ab704d33ec25e24346d0a1287d",
            "content_sha1": "e31ba892b33d2dea076fcdbd248acf07814ba800",
            "content_sha256": "5a22f0bc44c3f985caad3fe10a1ca562580a2f7fd221ca17f8c0cbbda9d9c43e",
            "content_sha512": "c069b874f4598463e932eeef82ff79bf423e3dc592c63df308bd786cf1f00eae964ed9f835d97cdc4d3dca35223be3b61fde6733ba9f43660700656fb1c6c883",
            "directory_permission": "0777",
            "file_permission": "0777",
            "filename": "./keys/opensid-private-key.pem",
            "id": "e31ba892b33d2dea076fcdbd248acf07814ba800",
            "sensitive_content": null,
            "source": null
          },
          "sensitive_attributes": [
            [
              {
                "type": "get_attr",
                "value": "sensitive_content"
              }
            ],
            [
              {
                "type": "get_attr",
                "value": "content"
              }
            ]
          ],
          "dependencies": [
            "tls_private_key.generated"
          ]
        }
      ]
    },
    {
      "mode": "managed",
      "type": "tls_private_key",
      "name": "generated",
      "provider": "provider[\"registry.terraform.io/hashicorp/tls\"]",
      "instances": [
        {
          "schema_version": 1,
          "attributes": {
            "algorithm": "RSA",
            "ecdsa_curve": "P224",
            "id": "33d65937100119201f2de513bde9601077706e97",
            "private_key_openssh": "-----BEGIN OPENSSH PRIVATE KEY-----\nb3BlbnNzaC1rZXktdjEAAAAABG5vbmUAAAAEbm9uZQAAAAAAAAABAAABFwAAAAdz\nc2gtcnNhAAAAAwEAAQAAAQEA1t6J2TSA1tVkdbwABAl6a+d1lCX82XDJzrbLLPmJ\nE58p1hVfSiwO6IDoK7g1l5aXpnO3c729D0HZ2LCctaE7Tj5G22dN7W4AgDiBCuNL\nK7EKmp3+y4vURMtj3zXjtatu3qfG2YJ/nAVpEMpgDOtxVyModuFmBWH0uQmpGfDo\nbA0lb1X62lKVOJyXoumwpgguh7vxxxEunwI89r5eaDAJfAn2YeT0ZOUpuDRVesJU\nNib+UcqO3h4KS6CD4hL/CTQBEQ3krGZ2yNmvit4eqmFptKJrD0AHmKwZF1kDSRLL\nnZIX4Eboz/rk+dCHG23OLdJDTMU+4SuwVsThjKJx1BtbPQAAA7ifBJm3nwSZtwAA\nAAdzc2gtcnNhAAABAQDW3onZNIDW1WR1vAAECXpr53WUJfzZcMnOtsss+YkTnynW\nFV9KLA7ogOgruDWXlpemc7dzvb0PQdnYsJy1oTtOPkbbZ03tbgCAOIEK40srsQqa\nnf7Li9REy2PfNeO1q27ep8bZgn+cBWkQymAM63FXIyh24WYFYfS5CakZ8OhsDSVv\nVfraUpU4nJei6bCmCC6Hu/HHES6fAjz2vl5oMAl8CfZh5PRk5Sm4NFV6wlQ2Jv5R\nyo7eHgpLoIPiEv8JNAERDeSsZnbI2a+K3h6qYWm0omsPQAeYrBkXWQNJEsudkhfg\nRujP+uT50Icbbc4t0kNMxT7hK7BWxOGMonHUG1s9AAAAAwEAAQAAAQBGBwsoJgtj\nePKfyGC88BXc+veADA1nFHJBE6QOCVmacoIhCqAevVMyhWilbwjQWb0c+5OrfggS\n4+RK0eyQ6XY5nuRa90UXf4VcRI4R7Vf/aljJYXq7/dt1fFAVXCvVdoTQvh95niVW\nxRCj70D0lPtAae3zKKymTnGCqNpa4P/uzpUhXid36869FmYivwoR0uszyS4W0Kgz\n5X+ed69drUO9QpSLCoTywJzDUBJT3fM7MkBi0HKALYmUwaGijlwIC2BjtiBPuD31\n2UhCITCRh7ihlc2PwhlwO0IBEg7D3SWQ6aIK2aQvPNdZffMjY0OYhc6mv2L/6DDy\neThiIyW9NvmFAAAAgQDP4ox1hLgPvfP4gzSI2V+smKsPzA+QIGGhL+FPP+er9nvU\nRxvFRM69YxTLbleu5zB9eycVqhJrxSMVr/2k+azCq8Lp9pB8YRQYgMO0Kwq6nOC0\n9PXPRsNEk24j6AZuV6fG2aglq2+4nVnCr336lwC6HqYhpEyiR41nIeV+kpItQgAA\nAIEA5mNCNf8WSF6SGNYaWciQL3yAoiI5smt1SlnjAB6Q+mhWTyssMtjV4UDJLoA+\np0X/1pMol+6BBJ5U3YqKV3dWncWfuZ6PBwfsTO3GOPqCQbRTK4CvQcaiDfvVpRr6\nb3r74r+LLKEYatp8NFX/Tmf/1kaSt+EuSURvOV+cB6tFc9MAAACBAO7BoaHbizq0\n8aiUfNIgX1Rifn3ldYPLKOXcR+x32qh/ghtuM8OhHJS1KIRJe+hfcfx51mLAMq1Q\n0v+MYNfqLoBGVI4CRNIeQY8D6YplbQDvwJUIBPuJLrp5/qdOFfIWAvD1x+NXa2rQ\nE7/cI7WUHOoG87bFXbhyG/77r6Dq01qvAAAAAAEC\n-----END OPENSSH PRIVATE KEY-----\n",
            "private_key_pem": "-----BEGIN RSA PRIVATE KEY-----\nMIIEowIBAAKCAQEA1t6J2TSA1tVkdbwABAl6a+d1lCX82XDJzrbLLPmJE58p1hVf\nSiwO6IDoK7g1l5aXpnO3c729D0HZ2LCctaE7Tj5G22dN7W4AgDiBCuNLK7EKmp3+\ny4vURMtj3zXjtatu3qfG2YJ/nAVpEMpgDOtxVyModuFmBWH0uQmpGfDobA0lb1X6\n2lKVOJyXoumwpgguh7vxxxEunwI89r5eaDAJfAn2YeT0ZOUpuDRVesJUNib+UcqO\n3h4KS6CD4hL/CTQBEQ3krGZ2yNmvit4eqmFptKJrD0AHmKwZF1kDSRLLnZIX4Ebo\nz/rk+dCHG23OLdJDTMU+4SuwVsThjKJx1BtbPQIDAQABAoIBAEYHCygmC2N48p/I\nYLzwFdz694AMDWcUckETpA4JWZpygiEKoB69UzKFaKVvCNBZvRz7k6t+CBLj5ErR\n7JDpdjme5Fr3RRd/hVxEjhHtV/9qWMlherv923V8UBVcK9V2hNC+H3meJVbFEKPv\nQPSU+0Bp7fMorKZOcYKo2lrg/+7OlSFeJ3frzr0WZiK/ChHS6zPJLhbQqDPlf553\nr12tQ71ClIsKhPLAnMNQElPd8zsyQGLQcoAtiZTBoaKOXAgLYGO2IE+4PfXZSEIh\nMJGHuKGVzY/CGXA7QgESDsPdJZDpogrZpC8811l98yNjQ5iFzqa/Yv/oMPJ5OGIj\nJb02+YUCgYEA5mNCNf8WSF6SGNYaWciQL3yAoiI5smt1SlnjAB6Q+mhWTyssMtjV\n4UDJLoA+p0X/1pMol+6BBJ5U3YqKV3dWncWfuZ6PBwfsTO3GOPqCQbRTK4CvQcai\nDfvVpRr6b3r74r+LLKEYatp8NFX/Tmf/1kaSt+EuSURvOV+cB6tFc9MCgYEA7sGh\noduLOrTxqJR80iBfVGJ+feV1g8so5dxH7HfaqH+CG24zw6EclLUohEl76F9x/HnW\nYsAyrVDS/4xg1+ougEZUjgJE0h5BjwPpimVtAO/AlQgE+4kuunn+p04V8hYC8PXH\n41dratATv9wjtZQc6gbztsVduHIb/vuvoOrTWq8CgYA9cgWrrw/7VzWx6BB5F7PU\n5mjMVUJ8IorSvKx9UKmsD33NeZ89JHXOsN+3Rj7vkAzO5sqx0suYNr49pACHmW2B\ngL67290bq/JLBjOS6MUqzvRLqvOTIG4COsNdWJeoee2KKTnuOjzv6rurnbAM8lHa\njVH+NtGIevcLH0PXC8fnPwKBgEE/XWKUUupKRLhjS/FIs4SmHhddu822mYinuGgh\nIPpnTjEc3ryZrOveziHIyznny4jJ6xK1n6PJsL/xpw2ai/a2QalFaXVam2PwF8Sg\njzdwTdrshCARj1mauUMTjd/IsCkVofi5DTv1fVAzYvbecUBrgfLy4PflB02ZjpeV\nVQk1AoGBAM/ijHWEuA+98/iDNIjZX6yYqw/MD5AgYaEv4U8/56v2e9RHG8VEzr1j\nFMtuV67nMH17JxWqEmvFIxWv/aT5rMKrwun2kHxhFBiAw7QrCrqc4LT09c9Gw0ST\nbiPoBm5Xp8bZqCWrb7idWcKvffqXALoepiGkTKJHjWch5X6Ski1C\n-----END RSA PRIVATE KEY-----\n",
            "private_key_pem_pkcs8": "-----BEGIN PRIVATE KEY-----\nMIIEvQIBADANBgkqhkiG9w0BAQEFAASCBKcwggSjAgEAAoIBAQDW3onZNIDW1WR1\nvAAECXpr53WUJfzZcMnOtsss+YkTnynWFV9KLA7ogOgruDWXlpemc7dzvb0PQdnY\nsJy1oTtOPkbbZ03tbgCAOIEK40srsQqanf7Li9REy2PfNeO1q27ep8bZgn+cBWkQ\nymAM63FXIyh24WYFYfS5CakZ8OhsDSVvVfraUpU4nJei6bCmCC6Hu/HHES6fAjz2\nvl5oMAl8CfZh5PRk5Sm4NFV6wlQ2Jv5Ryo7eHgpLoIPiEv8JNAERDeSsZnbI2a+K\n3h6qYWm0omsPQAeYrBkXWQNJEsudkhfgRujP+uT50Icbbc4t0kNMxT7hK7BWxOGM\nonHUG1s9AgMBAAECggEARgcLKCYLY3jyn8hgvPAV3Pr3gAwNZxRyQROkDglZmnKC\nIQqgHr1TMoVopW8I0Fm9HPuTq34IEuPkStHskOl2OZ7kWvdFF3+FXESOEe1X/2pY\nyWF6u/3bdXxQFVwr1XaE0L4feZ4lVsUQo+9A9JT7QGnt8yispk5xgqjaWuD/7s6V\nIV4nd+vOvRZmIr8KEdLrM8kuFtCoM+V/nnevXa1DvUKUiwqE8sCcw1ASU93zOzJA\nYtBygC2JlMGhoo5cCAtgY7YgT7g99dlIQiEwkYe4oZXNj8IZcDtCARIOw90lkOmi\nCtmkLzzXWX3zI2NDmIXOpr9i/+gw8nk4YiMlvTb5hQKBgQDmY0I1/xZIXpIY1hpZ\nyJAvfICiIjmya3VKWeMAHpD6aFZPKywy2NXhQMkugD6nRf/WkyiX7oEEnlTdiopX\nd1adxZ+5no8HB+xM7cY4+oJBtFMrgK9BxqIN+9WlGvpvevviv4ssoRhq2nw0Vf9O\nZ//WRpK34S5JRG85X5wHq0Vz0wKBgQDuwaGh24s6tPGolHzSIF9UYn595XWDyyjl\n3Efsd9qof4IbbjPDoRyUtSiESXvoX3H8edZiwDKtUNL/jGDX6i6ARlSOAkTSHkGP\nA+mKZW0A78CVCAT7iS66ef6nThXyFgLw9cfjV2tq0BO/3CO1lBzqBvO2xV24chv+\n+6+g6tNarwKBgD1yBauvD/tXNbHoEHkXs9TmaMxVQnwiitK8rH1QqawPfc15nz0k\ndc6w37dGPu+QDM7myrHSy5g2vj2kAIeZbYGAvrvb3Rur8ksGM5LoxSrO9Euq85Mg\nbgI6w11Yl6h57YopOe46PO/qu6udsAzyUdqNUf420Yh69wsfQ9cLx+c/AoGAQT9d\nYpRS6kpEuGNL8UizhKYeF127zbaZiKe4aCEg+mdOMRzevJms697OIcjLOefLiMnr\nErWfo8mwv/GnDZqL9rZBqUVpdVqbY/AXxKCPN3BN2uyEIBGPWZq5QxON38iwKRWh\n+LkNO/V9UDNi9t5xQGuB8vLg9+UHTZmOl5VVCTUCgYEAz+KMdYS4D73z+IM0iNlf\nrJirD8wPkCBhoS/hTz/nq/Z71EcbxUTOvWMUy25XrucwfXsnFaoSa8UjFa/9pPms\nwqvC6faQfGEUGIDDtCsKupzgtPT1z0bDRJNuI+gGblenxtmoJatvuJ1Zwq99+pcA\nuh6mIaRMokeNZyHlfpKSLUI=\n-----END PRIVATE KEY-----\n",
            "public_key_fingerprint_md5": "cb:89:6f:94:8d:51:67:f7:65:d8:6e:9f:e9:a3:be:93",
            "public_key_fingerprint_sha256": "SHA256:sPza9tO9nc3jt/YLWqT02wL6r0rY30X0ytZV31frEtk",
            "public_key_openssh": "ssh-rsa AAAAB3NzaC1yc2EAAAADAQABAAABAQDW3onZNIDW1WR1vAAECXpr53WUJfzZcMnOtsss+YkTnynWFV9KLA7ogOgruDWXlpemc7dzvb0PQdnYsJy1oTtOPkbbZ03tbgCAOIEK40srsQqanf7Li9REy2PfNeO1q27ep8bZgn+cBWkQymAM63FXIyh24WYFYfS5CakZ8OhsDSVvVfraUpU4nJei6bCmCC6Hu/HHES6fAjz2vl5oMAl8CfZh5PRk5Sm4NFV6wlQ2Jv5Ryo7eHgpLoIPiEv8JNAERDeSsZnbI2a+K3h6qYWm0omsPQAeYrBkXWQNJEsudkhfgRujP+uT50Icbbc4t0kNMxT7hK7BWxOGMonHUG1s9\n",
            "public_key_pem": "-----BEGIN PUBLIC KEY-----\nMIIBIjANBgkqhkiG9w0BAQEFAAOCAQ8AMIIBCgKCAQEA1t6J2TSA1tVkdbwABAl6\na+d1lCX82XDJzrbLLPmJE58p1hVfSiwO6IDoK7g1l5aXpnO3c729D0HZ2LCctaE7\nTj5G22dN7W4AgDiBCuNLK7EKmp3+y4vURMtj3zXjtatu3qfG2YJ/nAVpEMpgDOtx\nVyModuFmBWH0uQmpGfDobA0lb1X62lKVOJyXoumwpgguh7vxxxEunwI89r5eaDAJ\nfAn2YeT0ZOUpuDRVesJUNib+UcqO3h4KS6CD4hL/CTQBEQ3krGZ2yNmvit4eqmFp\ntKJrD0AHmKwZF1kDSRLLnZIX4Eboz/rk+dCHG23OLdJDTMU+4SuwVsThjKJx1Btb\nPQIDAQAB\n-----END PUBLIC KEY-----\n",
            "rsa_bits": 2048
          },
          "sensitive_attributes": [
            [
              {
                "type": "get_attr",
                "value": "private_key_openssh"
              }
            ],
            [
              {
                "type": "get_attr",
                "value": "private_key_pem_pkcs8"
              }
            ],
            [
              {
                "type": "get_attr",
                "value": "private_key_pem"
              }
            ]
          ]
        }
      ]
    },
    {
      "module": "module.ec2",
      "mode": "managed",
      "type": "aws_autoscaling_group",
      "name": "this",
      "provider": "provider[\"registry.terraform.io/hashicorp/aws\"]",
      "instances": [
        {
          "schema_version": 1,
          "attributes": {
            "arn": "arn:aws:autoscaling:us-east-1:515151048175:autoScalingGroup:976ce1cf-2499-4b55-a905-f2fd3f3adf78:autoScalingGroupName/terraform-20241213082608613800000005",
            "availability_zones": [
              "us-east-1a",
              "us-east-1b"
            ],
            "capacity_rebalance": false,
            "context": "",
            "default_cooldown": 300,
            "default_instance_warmup": 0,
            "desired_capacity": 2,
            "desired_capacity_type": "",
            "enabled_metrics": null,
            "force_delete": false,
            "force_delete_warm_pool": false,
            "health_check_grace_period": 300,
            "health_check_type": "EC2",
            "id": "terraform-20241213082608613800000005",
            "ignore_failed_scaling_activities": false,
            "initial_lifecycle_hook": [],
            "instance_maintenance_policy": [],
            "instance_refresh": [],
            "launch_configuration": "",
            "launch_template": [
              {
                "id": "lt-08ba4f0ddf03da04b",
                "name": "opensid-20241213082601174300000003",
                "version": "$Latest"
              }
            ],
            "load_balancers": [],
            "max_instance_lifetime": 0,
            "max_size": 4,
            "metrics_granularity": "1Minute",
            "min_elb_capacity": null,
            "min_size": 1,
            "mixed_instances_policy": [],
            "name": "terraform-20241213082608613800000005",
            "name_prefix": "terraform-",
            "placement_group": "",
            "predicted_capacity": 0,
            "protect_from_scale_in": false,
            "service_linked_role_arn": "arn:aws:iam::515151048175:role/aws-service-role/autoscaling.amazonaws.com/AWSServiceRoleForAutoScaling",
            "suspended_processes": null,
            "tag": [
              {
                "key": "Name",
                "propagate_at_launch": true,
                "value": "opensid-asg"
              }
            ],
            "target_group_arns": [],
            "termination_policies": null,
            "timeouts": null,
            "traffic_source": [],
            "vpc_zone_identifier": [
              "subnet-0b64c87b2049e3052",
              "subnet-0d5d9723a744c69f2"
            ],
            "wait_for_capacity_timeout": "10m",
            "wait_for_elb_capacity": null,
            "warm_pool": [],
            "warm_pool_size": 0
          },
          "sensitive_attributes": [],
          "private": "eyJlMmJmYjczMC1lY2FhLTExZTYtOGY4OC0zNDM2M2JjN2M0YzAiOnsiZGVsZXRlIjo2MDAwMDAwMDAwMDAsInVwZGF0ZSI6NjAwMDAwMDAwMDAwfSwic2NoZW1hX3ZlcnNpb24iOiIxIn0=",
          "dependencies": [
            "aws_key_pair.generated_key",
            "aws_security_group.default",
            "module.ec2.aws_launch_template.this",
            "module.vpc.aws_subnet.public",
            "module.vpc.aws_vpc.this",
            "tls_private_key.generated"
          ]
        }
      ]
    },
    {
      "module": "module.ec2",
      "mode": "managed",
      "type": "aws_launch_template",
      "name": "this",
      "provider": "provider[\"registry.terraform.io/hashicorp/aws\"]",
      "instances": [
        {
          "schema_version": 0,
          "attributes": {
            "arn": "arn:aws:ec2:us-east-1:515151048175:launch-template/lt-08ba4f0ddf03da04b",
            "block_device_mappings": [],
            "capacity_reservation_specification": [],
            "cpu_options": [],
            "credit_specification": [],
            "default_version": 1,
            "description": "",
            "disable_api_stop": false,
            "disable_api_termination": false,
            "ebs_optimized": "",
            "elastic_gpu_specifications": [],
            "elastic_inference_accelerator": [],
            "enclave_options": [],
            "hibernation_options": [],
            "iam_instance_profile": [],
            "id": "lt-08ba4f0ddf03da04b",
            "image_id": "ami-0453ec754f44f9a4a",
            "instance_initiated_shutdown_behavior": "",
            "instance_market_options": [],
            "instance_requirements": [],
            "instance_type": "t3.micro",
            "kernel_id": "",
            "key_name": "opensid-key",
            "latest_version": 1,
            "license_specification": [],
            "maintenance_options": [],
            "metadata_options": [],
            "monitoring": [],
            "name": "opensid-20241213082601174300000003",
            "name_prefix": "opensid-",
            "network_interfaces": [
              {
                "associate_carrier_ip_address": "",
                "associate_public_ip_address": "true",
                "delete_on_termination": "",
                "description": "",
                "device_index": 0,
                "interface_type": "",
                "ipv4_address_count": 0,
                "ipv4_addresses": null,
                "ipv4_prefix_count": 0,
                "ipv4_prefixes": null,
                "ipv6_address_count": 0,
                "ipv6_addresses": null,
                "ipv6_prefix_count": 0,
                "ipv6_prefixes": null,
                "network_card_index": 0,
                "network_interface_id": "",
                "primary_ipv6": "",
                "private_ip_address": "",
                "security_groups": [
                  "sg-0389475e5a3e16f0f"
                ],
                "subnet_id": ""
              }
            ],
            "placement": [],
            "private_dns_name_options": [],
            "ram_disk_id": "",
            "security_group_names": null,
            "tag_specifications": [
              {
                "resource_type": "instance",
                "tags": {
                  "Name": "opensid-instance"
                }
              }
            ],
            "tags": null,
            "tags_all": {},
            "update_default_version": null,
            "user_data": "",
            "vpc_security_group_ids": null
          },
          "sensitive_attributes": [],
          "private": "bnVsbA==",
          "dependencies": [
            "aws_key_pair.generated_key",
            "aws_security_group.default",
            "module.vpc.aws_vpc.this",
            "tls_private_key.generated"
          ]
        }
      ]
    },
    {
      "module": "module.rds",
      "mode": "managed",
      "type": "aws_db_instance",
      "name": "this",
      "provider": "provider[\"registry.terraform.io/hashicorp/aws\"]",
      "instances": [
        {
          "schema_version": 2,
          "attributes": {
            "address": "terraform-20241213082601168100000002.ctekk0aesghb.us-east-1.rds.amazonaws.com",
            "allocated_storage": 20,
            "allow_major_version_upgrade": null,
            "apply_immediately": false,
            "arn": "arn:aws:rds:us-east-1:515151048175:db:terraform-20241213082601168100000002",
            "auto_minor_version_upgrade": true,
            "availability_zone": "us-east-1b",
            "backup_retention_period": 0,
            "backup_target": "region",
            "backup_window": "05:02-05:32",
            "blue_green_update": [],
            "ca_cert_identifier": "rds-ca-rsa2048-g1",
            "character_set_name": "",
            "copy_tags_to_snapshot": false,
            "custom_iam_instance_profile": "",
            "customer_owned_ip_enabled": false,
            "db_name": "opensid_db",
            "db_subnet_group_name": "opensid-db-subnet-groupnih",
            "dedicated_log_volume": false,
            "delete_automated_backups": true,
            "deletion_protection": false,
            "domain": "",
            "domain_auth_secret_arn": "",
            "domain_dns_ips": null,
            "domain_fqdn": "",
            "domain_iam_role_name": "",
            "domain_ou": "",
            "enabled_cloudwatch_logs_exports": null,
            "endpoint": "terraform-20241213082601168100000002.ctekk0aesghb.us-east-1.rds.amazonaws.com:3306",
            "engine": "mysql",
            "engine_lifecycle_support": "open-source-rds-extended-support",
            "engine_version": "8.0",
            "engine_version_actual": "8.0.39",
            "final_snapshot_identifier": null,
            "hosted_zone_id": "Z2R2ITUGPM61AM",
            "iam_database_authentication_enabled": false,
            "id": "db-U275CIW3S423E7RD427PJSBZ4Y",
            "identifier": "terraform-20241213082601168100000002",
            "identifier_prefix": "terraform-",
            "instance_class": "db.t3.micro",
            "iops": 0,
            "kms_key_id": "",
            "latest_restorable_time": "",
            "license_model": "general-public-license",
            "listener_endpoint": [],
            "maintenance_window": "tue:09:09-tue:09:39",
            "manage_master_user_password": null,
            "master_user_secret": [],
            "master_user_secret_kms_key_id": null,
            "max_allocated_storage": 0,
            "monitoring_interval": 0,
            "monitoring_role_arn": "",
            "multi_az": false,
            "nchar_character_set_name": "",
            "network_type": "IPV4",
            "option_group_name": "default:mysql-8-0",
            "parameter_group_name": "default.mysql8.0",
            "password": "securepassword123",
            "performance_insights_enabled": false,
            "performance_insights_kms_key_id": "",
            "performance_insights_retention_period": 0,
            "port": 3306,
            "publicly_accessible": false,
            "replica_mode": "",
            "replicas": [],
            "replicate_source_db": "",
            "resource_id": "db-U275CIW3S423E7RD427PJSBZ4Y",
            "restore_to_point_in_time": [],
            "s3_import": [],
            "skip_final_snapshot": false,
            "snapshot_identifier": null,
            "status": "available",
            "storage_encrypted": false,
            "storage_throughput": 0,
            "storage_type": "gp2",
            "tags": null,
            "tags_all": {},
            "timeouts": null,
            "timezone": "",
            "upgrade_storage_config": null,
            "username": "admin",
            "vpc_security_group_ids": [
              "sg-0389475e5a3e16f0f"
            ]
          },
          "sensitive_attributes": [
            [
              {
                "type": "get_attr",
                "value": "password"
              }
            ]
          ],
          "private": "eyJlMmJmYjczMC1lY2FhLTExZTYtOGY4OC0zNDM2M2JjN2M0YzAiOnsiY3JlYXRlIjozMDAwMDAwMDAwMDAwLCJkZWxldGUiOjM2MDAwMDAwMDAwMDAsInVwZGF0ZSI6NDgwMDAwMDAwMDAwMH0sInNjaGVtYV92ZXJzaW9uIjoiMiJ9",
          "dependencies": [
            "aws_security_group.default",
            "module.rds.aws_db_subnet_group.this",
            "module.vpc.aws_subnet.private",
            "module.vpc.aws_vpc.this",
            "module.vpc.data.aws_availability_zones.available"
          ]
        }
      ]
    },
    {
      "module": "module.rds",
      "mode": "managed",
      "type": "aws_db_subnet_group",
      "name": "this",
      "provider": "provider[\"registry.terraform.io/hashicorp/aws\"]",
      "instances": [
        {
          "schema_version": 0,
          "attributes": {
            "arn": "arn:aws:rds:us-east-1:515151048175:subgrp:opensid-db-subnet-groupnih",
            "description": "Managed by Terraform",
            "id": "opensid-db-subnet-groupnih",
            "name": "opensid-db-subnet-groupnih",
            "name_prefix": "",
            "subnet_ids": [
              "subnet-047cbd264585b2f3d",
              "subnet-0e44459324be954de"
            ],
            "supported_network_types": [
              "IPV4"
            ],
            "tags": {
              "Name": "opensid-db-subnet-groupnih"
            },
            "tags_all": {
              "Name": "opensid-db-subnet-groupnih"
            },
            "vpc_id": "vpc-07ef185eb89962e60"
          },
          "sensitive_attributes": [],
          "private": "bnVsbA==",
          "dependencies": [
            "module.vpc.aws_subnet.private",
            "module.vpc.aws_vpc.this",
            "module.vpc.data.aws_availability_zones.available"
          ]
        }
      ]
    },
    {
      "module": "module.s3",
      "mode": "managed",
      "type": "aws_s3_bucket",
      "name": "this",
      "provider": "provider[\"registry.terraform.io/hashicorp/aws\"]",
      "instances": [
        {
          "schema_version": 0,
          "attributes": {
            "acceleration_status": "",
            "acl": null,
            "arn": "arn:aws:s3:::opensidseal-fair-giraffe",
            "bucket": "opensidseal-fair-giraffe",
            "bucket_domain_name": "opensidseal-fair-giraffe.s3.amazonaws.com",
            "bucket_prefix": "",
            "bucket_regional_domain_name": "opensidseal-fair-giraffe.s3.us-east-1.amazonaws.com",
            "cors_rule": [],
            "force_destroy": false,
            "grant": [
              {
                "id": "591f2b30c66c2263842fca22c97f60be26be615c8e055a623741477e37a18b5a",
                "permissions": [
                  "FULL_CONTROL"
                ],
                "type": "CanonicalUser",
                "uri": ""
              }
            ],
            "hosted_zone_id": "Z3AQBSTGFYJSTF",
            "id": "opensidseal-fair-giraffe",
            "lifecycle_rule": [],
            "logging": [],
            "object_lock_configuration": [],
            "object_lock_enabled": false,
            "policy": "",
            "region": "us-east-1",
            "replication_configuration": [],
            "request_payer": "BucketOwner",
            "server_side_encryption_configuration": [
              {
                "rule": [
                  {
                    "apply_server_side_encryption_by_default": [
                      {
                        "kms_master_key_id": "",
                        "sse_algorithm": "AES256"
                      }
                    ],
                    "bucket_key_enabled": false
                  }
                ]
              }
            ],
            "tags": {
              "Name": "opensidseal-fair-giraffe"
            },
            "tags_all": {
              "Name": "opensidseal-fair-giraffe"
            },
            "timeouts": null,
            "versioning": [
              {
                "enabled": false,
                "mfa_delete": false
              }
            ],
            "website": [],
            "website_domain": null,
            "website_endpoint": null
          },
          "sensitive_attributes": [],
          "private": "eyJlMmJmYjczMC1lY2FhLTExZTYtOGY4OC0zNDM2M2JjN2M0YzAiOnsiY3JlYXRlIjoxMjAwMDAwMDAwMDAwLCJkZWxldGUiOjM2MDAwMDAwMDAwMDAsInJlYWQiOjEyMDAwMDAwMDAwMDAsInVwZGF0ZSI6MTIwMDAwMDAwMDAwMH19",
          "dependencies": [
            "module.s3.random_pet.unique_suffix"
          ]
        }
      ]
    },
    {
      "module": "module.s3",
      "mode": "managed",
      "type": "random_pet",
      "name": "unique_suffix",
      "provider": "provider[\"registry.terraform.io/hashicorp/random\"]",
      "instances": [
        {
          "schema_version": 0,
          "attributes": {
            "id": "fair-giraffe",
            "keepers": null,
            "length": 2,
            "prefix": null,
            "separator": "-"
          },
          "sensitive_attributes": []
        }
      ]
    },
    {
      "module": "module.vpc",
      "mode": "data",
      "type": "aws_availability_zones",
      "name": "available",
      "provider": "provider[\"registry.terraform.io/hashicorp/aws\"]",
      "instances": [
        {
          "schema_version": 0,
          "attributes": {
            "all_availability_zones": null,
            "exclude_names": null,
            "exclude_zone_ids": null,
            "filter": null,
            "group_names": [
              "us-east-1"
            ],
            "id": "us-east-1",
            "names": [
              "us-east-1a",
              "us-east-1b",
              "us-east-1c",
              "us-east-1d",
              "us-east-1e",
              "us-east-1f"
            ],
            "state": null,
            "timeouts": null,
            "zone_ids": [
              "use1-az2",
              "use1-az4",
              "use1-az6",
              "use1-az1",
              "use1-az3",
              "use1-az5"
            ]
          },
          "sensitive_attributes": []
        }
      ]
    },
    {
      "module": "module.vpc",
      "mode": "managed",
      "type": "aws_subnet",
      "name": "private",
      "provider": "provider[\"registry.terraform.io/hashicorp/aws\"]",
      "instances": [
        {
          "index_key": 0,
          "schema_version": 1,
          "attributes": {
            "arn": "arn:aws:ec2:us-east-1:515151048175:subnet/subnet-047cbd264585b2f3d",
            "assign_ipv6_address_on_creation": false,
            "availability_zone": "us-east-1a",
            "availability_zone_id": "use1-az2",
            "cidr_block": "10.0.1.0/24",
            "customer_owned_ipv4_pool": "",
            "enable_dns64": false,
            "enable_lni_at_device_index": 0,
            "enable_resource_name_dns_a_record_on_launch": false,
            "enable_resource_name_dns_aaaa_record_on_launch": false,
            "id": "subnet-047cbd264585b2f3d",
            "ipv6_cidr_block": "",
            "ipv6_cidr_block_association_id": "",
            "ipv6_native": false,
            "map_customer_owned_ip_on_launch": false,
            "map_public_ip_on_launch": false,
            "outpost_arn": "",
            "owner_id": "515151048175",
            "private_dns_hostname_type_on_launch": "ip-name",
            "tags": {
              "Name": "opensid-private-subnet-0"
            },
            "tags_all": {
              "Name": "opensid-private-subnet-0"
            },
            "timeouts": null,
            "vpc_id": "vpc-07ef185eb89962e60"
          },
          "sensitive_attributes": [],
          "private": "eyJlMmJmYjczMC1lY2FhLTExZTYtOGY4OC0zNDM2M2JjN2M0YzAiOnsiY3JlYXRlIjo2MDAwMDAwMDAwMDAsImRlbGV0ZSI6MTIwMDAwMDAwMDAwMH0sInNjaGVtYV92ZXJzaW9uIjoiMSJ9",
          "dependencies": [
            "module.vpc.aws_vpc.this",
            "module.vpc.data.aws_availability_zones.available"
          ]
        },
        {
          "index_key": 1,
          "schema_version": 1,
          "attributes": {
            "arn": "arn:aws:ec2:us-east-1:515151048175:subnet/subnet-0e44459324be954de",
            "assign_ipv6_address_on_creation": false,
            "availability_zone": "us-east-1b",
            "availability_zone_id": "use1-az4",
            "cidr_block": "10.0.2.0/24",
            "customer_owned_ipv4_pool": "",
            "enable_dns64": false,
            "enable_lni_at_device_index": 0,
            "enable_resource_name_dns_a_record_on_launch": false,
            "enable_resource_name_dns_aaaa_record_on_launch": false,
            "id": "subnet-0e44459324be954de",
            "ipv6_cidr_block": "",
            "ipv6_cidr_block_association_id": "",
            "ipv6_native": false,
            "map_customer_owned_ip_on_launch": false,
            "map_public_ip_on_launch": false,
            "outpost_arn": "",
            "owner_id": "515151048175",
            "private_dns_hostname_type_on_launch": "ip-name",
            "tags": {
              "Name": "opensid-private-subnet-1"
            },
            "tags_all": {
              "Name": "opensid-private-subnet-1"
            },
            "timeouts": null,
            "vpc_id": "vpc-07ef185eb89962e60"
          },
          "sensitive_attributes": [],
          "private": "eyJlMmJmYjczMC1lY2FhLTExZTYtOGY4OC0zNDM2M2JjN2M0YzAiOnsiY3JlYXRlIjo2MDAwMDAwMDAwMDAsImRlbGV0ZSI6MTIwMDAwMDAwMDAwMH0sInNjaGVtYV92ZXJzaW9uIjoiMSJ9",
          "dependencies": [
            "module.vpc.aws_vpc.this",
            "module.vpc.data.aws_availability_zones.available"
          ]
        }
      ]
    },
    {
      "module": "module.vpc",
      "mode": "managed",
      "type": "aws_subnet",
      "name": "public",
      "provider": "provider[\"registry.terraform.io/hashicorp/aws\"]",
      "instances": [
        {
          "index_key": 0,
          "schema_version": 1,
          "attributes": {
            "arn": "arn:aws:ec2:us-east-1:515151048175:subnet/subnet-0d5d9723a744c69f2",
            "assign_ipv6_address_on_creation": false,
            "availability_zone": "us-east-1a",
            "availability_zone_id": "use1-az2",
            "cidr_block": "10.0.3.0/24",
            "customer_owned_ipv4_pool": "",
            "enable_dns64": false,
            "enable_lni_at_device_index": 0,
            "enable_resource_name_dns_a_record_on_launch": false,
            "enable_resource_name_dns_aaaa_record_on_launch": false,
            "id": "subnet-0d5d9723a744c69f2",
            "ipv6_cidr_block": "",
            "ipv6_cidr_block_association_id": "",
            "ipv6_native": false,
            "map_customer_owned_ip_on_launch": false,
            "map_public_ip_on_launch": true,
            "outpost_arn": "",
            "owner_id": "515151048175",
            "private_dns_hostname_type_on_launch": "ip-name",
            "tags": {
              "Name": "opensid-public-subnet-0"
            },
            "tags_all": {
              "Name": "opensid-public-subnet-0"
            },
            "timeouts": null,
            "vpc_id": "vpc-07ef185eb89962e60"
          },
          "sensitive_attributes": [],
          "private": "eyJlMmJmYjczMC1lY2FhLTExZTYtOGY4OC0zNDM2M2JjN2M0YzAiOnsiY3JlYXRlIjo2MDAwMDAwMDAwMDAsImRlbGV0ZSI6MTIwMDAwMDAwMDAwMH0sInNjaGVtYV92ZXJzaW9uIjoiMSJ9",
          "dependencies": [
            "module.vpc.aws_vpc.this"
          ]
        },
        {
          "index_key": 1,
          "schema_version": 1,
          "attributes": {
            "arn": "arn:aws:ec2:us-east-1:515151048175:subnet/subnet-0b64c87b2049e3052",
            "assign_ipv6_address_on_creation": false,
            "availability_zone": "us-east-1b",
            "availability_zone_id": "use1-az4",
            "cidr_block": "10.0.4.0/24",
            "customer_owned_ipv4_pool": "",
            "enable_dns64": false,
            "enable_lni_at_device_index": 0,
            "enable_resource_name_dns_a_record_on_launch": false,
            "enable_resource_name_dns_aaaa_record_on_launch": false,
            "id": "subnet-0b64c87b2049e3052",
            "ipv6_cidr_block": "",
            "ipv6_cidr_block_association_id": "",
            "ipv6_native": false,
            "map_customer_owned_ip_on_launch": false,
            "map_public_ip_on_launch": true,
            "outpost_arn": "",
            "owner_id": "515151048175",
            "private_dns_hostname_type_on_launch": "ip-name",
            "tags": {
              "Name": "opensid-public-subnet-1"
            },
            "tags_all": {
              "Name": "opensid-public-subnet-1"
            },
            "timeouts": null,
            "vpc_id": "vpc-07ef185eb89962e60"
          },
          "sensitive_attributes": [],
          "private": "eyJlMmJmYjczMC1lY2FhLTExZTYtOGY4OC0zNDM2M2JjN2M0YzAiOnsiY3JlYXRlIjo2MDAwMDAwMDAwMDAsImRlbGV0ZSI6MTIwMDAwMDAwMDAwMH0sInNjaGVtYV92ZXJzaW9uIjoiMSJ9",
          "dependencies": [
            "module.vpc.aws_vpc.this"
          ]
        }
      ]
    },
    {
      "module": "module.vpc",
      "mode": "managed",
      "type": "aws_vpc",
      "name": "this",
      "provider": "provider[\"registry.terraform.io/hashicorp/aws\"]",
      "instances": [
        {
          "schema_version": 1,
          "attributes": {
            "arn": "arn:aws:ec2:us-east-1:515151048175:vpc/vpc-07ef185eb89962e60",
            "assign_generated_ipv6_cidr_block": false,
            "cidr_block": "10.0.0.0/16",
            "default_network_acl_id": "acl-061e01293d78953e5",
            "default_route_table_id": "rtb-020bea96ee3339323",
            "default_security_group_id": "sg-0adc2c252aefb6ffd",
            "dhcp_options_id": "dopt-03681b75e94d35077",
            "enable_dns_hostnames": true,
            "enable_dns_support": true,
            "enable_network_address_usage_metrics": false,
            "id": "vpc-07ef185eb89962e60",
            "instance_tenancy": "default",
            "ipv4_ipam_pool_id": null,
            "ipv4_netmask_length": null,
            "ipv6_association_id": "",
            "ipv6_cidr_block": "",
            "ipv6_cidr_block_network_border_group": "",
            "ipv6_ipam_pool_id": "",
            "ipv6_netmask_length": 0,
            "main_route_table_id": "rtb-020bea96ee3339323",
            "owner_id": "515151048175",
            "tags": {
              "Name": "opensid-vpc"
            },
            "tags_all": {
              "Name": "opensid-vpc"
            }
          },
          "sensitive_attributes": [],
          "private": "eyJzY2hlbWFfdmVyc2lvbiI6IjEifQ=="
        }
      ]
    }
  ],
  "check_results": null
}
